
Microsoft Visual Studio Solution File, Format Version 12.00
# Visual Studio Version 17
VisualStudioVersion = 17.13.35919.96 d17.13
MinimumVisualStudioVersion = 10.0.40219.1
Project("{FAE04EC0-301F-11D3-BF4B-00C04F79EFBC}") = "beecrowd1003", "beecrowd1003.csproj", "{D313402D-0AEF-452B-9F87-ED6F1F200AFC}"
EndProject
Global
	GlobalSection(SolutionConfigurationPlatforms) = preSolution
		Debug|Any CPU = Debug|Any CPU
		Release|Any CPU = Release|Any CPU
	EndGlobalSection
	GlobalSection(ProjectConfigurationPlatforms) = postSolution
		{D313402D-0AEF-452B-9F87-ED6F1F200AFC}.Debug|Any CPU.ActiveCfg = Debug|Any CPU
		{D313402D-0AEF-452B-9F87-ED6F1F200AFC}.Debug|Any CPU.Build.0 = Debug|Any CPU
		{D313402D-0AEF-452B-9F87-ED6F1F200AFC}.Release|Any CPU.ActiveCfg = Release|Any CPU
		{D313402D-0AEF-452B-9F87-ED6F1F200AFC}.Release|Any CPU.Build.0 = Release|Any CPU
	EndGlobalSection
	GlobalSection(SolutionProperties) = preSolution
		HideSolutionNode = FALSE
	EndGlobalSection
	GlobalSection(ExtensibilityGlobals) = postSolution
		SolutionGuid = {60E59FCA-2D7A-414B-B339-EEFA13D0BB20}
	EndGlobalSection
EndGlobal
