
Microsoft Visual Studio Solution File, Format Version 12.00
# Visual Studio Version 16
VisualStudioVersion = 16.0.30717.126
MinimumVisualStudioVersion = 10.0.40219.1
Project("{FAE04EC0-301F-11D3-BF4B-00C04F79EFBC}") = "Lanche", "Lanche\Lanche.csproj", "{7C494CDC-5BB5-42D7-8B91-23DD48415BFF}"
EndProject
Global
	GlobalSection(SolutionConfigurationPlatforms) = preSolution
		Debug|Any CPU = Debug|Any CPU
		Release|Any CPU = Release|Any CPU
	EndGlobalSection
	GlobalSection(ProjectConfigurationPlatforms) = postSolution
		{7C494CDC-5BB5-42D7-8B91-23DD48415BFF}.Debug|Any CPU.ActiveCfg = Debug|Any CPU
		{7C494CDC-5BB5-42D7-8B91-23DD48415BFF}.Debug|Any CPU.Build.0 = Debug|Any CPU
		{7C494CDC-5BB5-42D7-8B91-23DD48415BFF}.Release|Any CPU.ActiveCfg = Release|Any CPU
		{7C494CDC-5BB5-42D7-8B91-23DD48415BFF}.Release|Any CPU.Build.0 = Release|Any CPU
	EndGlobalSection
	GlobalSection(SolutionProperties) = preSolution
		HideSolutionNode = FALSE
	EndGlobalSection
	GlobalSection(ExtensibilityGlobals) = postSolution
		SolutionGuid = {E5D756AD-4078-42AC-935F-4B6D90C2318D}
	EndGlobalSection
EndGlobal
