
Microsoft Visual Studio Solution File, Format Version 12.00
# Visual Studio Version 17
VisualStudioVersion = 17.9.34607.119
MinimumVisualStudioVersion = 10.0.40219.1
Project("{FAE04EC0-301F-11D3-BF4B-00C04F79EFBC}") = "E1018beecrowd", "E1018beecrowd\E1018beecrowd.csproj", "{1BC488A1-6061-4DC2-9BD7-38CE68CA37EB}"
EndProject
Global
	GlobalSection(SolutionConfigurationPlatforms) = preSolution
		Debug|Any CPU = Debug|Any CPU
		Release|Any CPU = Release|Any CPU
	EndGlobalSection
	GlobalSection(ProjectConfigurationPlatforms) = postSolution
		{1BC488A1-6061-4DC2-9BD7-38CE68CA37EB}.Debug|Any CPU.ActiveCfg = Debug|Any CPU
		{1BC488A1-6061-4DC2-9BD7-38CE68CA37EB}.Debug|Any CPU.Build.0 = Debug|Any CPU
		{1BC488A1-6061-4DC2-9BD7-38CE68CA37EB}.Release|Any CPU.ActiveCfg = Release|Any CPU
		{1BC488A1-6061-4DC2-9BD7-38CE68CA37EB}.Release|Any CPU.Build.0 = Release|Any CPU
	EndGlobalSection
	GlobalSection(SolutionProperties) = preSolution
		HideSolutionNode = FALSE
	EndGlobalSection
	GlobalSection(ExtensibilityGlobals) = postSolution
		SolutionGuid = {B39E4BFC-7ADB-4384-8F78-09CD96CD3B9A}
	EndGlobalSection
EndGlobal
