
Microsoft Visual Studio Solution File, Format Version 12.00
# Visual Studio Version 17
VisualStudioVersion = 17.13.35818.85 d17.13
MinimumVisualStudioVersion = 10.0.40219.1
Project("{FAE04EC0-301F-11D3-BF4B-00C04F79EFBC}") = "01sintaxeBasica", "01sintaxeBasica.csproj", "{62F3E270-36D1-4CFE-8DD2-E3752788FE14}"
EndProject
Global
	GlobalSection(SolutionConfigurationPlatforms) = preSolution
		Debug|Any CPU = Debug|Any CPU
		Release|Any CPU = Release|Any CPU
	EndGlobalSection
	GlobalSection(ProjectConfigurationPlatforms) = postSolution
		{62F3E270-36D1-4CFE-8DD2-E3752788FE14}.Debug|Any CPU.ActiveCfg = Debug|Any CPU
		{62F3E270-36D1-4CFE-8DD2-E3752788FE14}.Debug|Any CPU.Build.0 = Debug|Any CPU
		{62F3E270-36D1-4CFE-8DD2-E3752788FE14}.Release|Any CPU.ActiveCfg = Release|Any CPU
		{62F3E270-36D1-4CFE-8DD2-E3752788FE14}.Release|Any CPU.Build.0 = Release|Any CPU
	EndGlobalSection
	GlobalSection(SolutionProperties) = preSolution
		HideSolutionNode = FALSE
	EndGlobalSection
	GlobalSection(ExtensibilityGlobals) = postSolution
		SolutionGuid = {FE0C8E43-374C-4CD8-8B55-EC66D870B482}
	EndGlobalSection
EndGlobal
