
Microsoft Visual Studio Solution File, Format Version 12.00
# Visual Studio Version 16
VisualStudioVersion = 16.0.30804.86
MinimumVisualStudioVersion = 10.0.40219.1
Project("{FAE04EC0-301F-11D3-BF4B-00C04F79EFBC}") = "Revisando URI1013", "Revisando URI1013\Revisando URI1013.csproj", "{9E63E2A0-0DF2-4F1B-9BDC-79BABDB90DB9}"
EndProject
Global
	GlobalSection(SolutionConfigurationPlatforms) = preSolution
		Debug|Any CPU = Debug|Any CPU
		Release|Any CPU = Release|Any CPU
	EndGlobalSection
	GlobalSection(ProjectConfigurationPlatforms) = postSolution
		{9E63E2A0-0DF2-4F1B-9BDC-79BABDB90DB9}.Debug|Any CPU.ActiveCfg = Debug|Any CPU
		{9E63E2A0-0DF2-4F1B-9BDC-79BABDB90DB9}.Debug|Any CPU.Build.0 = Debug|Any CPU
		{9E63E2A0-0DF2-4F1B-9BDC-79BABDB90DB9}.Release|Any CPU.ActiveCfg = Release|Any CPU
		{9E63E2A0-0DF2-4F1B-9BDC-79BABDB90DB9}.Release|Any CPU.Build.0 = Release|Any CPU
	EndGlobalSection
	GlobalSection(SolutionProperties) = preSolution
		HideSolutionNode = FALSE
	EndGlobalSection
	GlobalSection(ExtensibilityGlobals) = postSolution
		SolutionGuid = {0C968D01-0072-4A59-A1C8-E88B08C2A6CA}
	EndGlobalSection
EndGlobal
