Microsoft Visual Studio Solution File, Format Version 12.00
# Visual Studio Version 17
VisualStudioVersion = 17.5.2.0
MinimumVisualStudioVersion = 10.0.40219.1
Project("{FAE04EC0-301F-11D3-BF4B-00C04F79EFBC}") = "Parte 02 Aula 03", "Parte 02 Aula 03.csproj", "{C362A1CB-6309-3774-0DB2-265E0D06FF49}"
EndProject
Global
	GlobalSection(SolutionConfigurationPlatforms) = preSolution
		Debug|Any CPU = Debug|Any CPU
		Release|Any CPU = Release|Any CPU
	EndGlobalSection
	GlobalSection(ProjectConfigurationPlatforms) = postSolution
		{C362A1CB-6309-3774-0DB2-265E0D06FF49}.Debug|Any CPU.ActiveCfg = Debug|Any CPU
		{C362A1CB-6309-3774-0DB2-265E0D06FF49}.Debug|Any CPU.Build.0 = Debug|Any CPU
		{C362A1CB-6309-3774-0DB2-265E0D06FF49}.Release|Any CPU.ActiveCfg = Release|Any CPU
		{C362A1CB-6309-3774-0DB2-265E0D06FF49}.Release|Any CPU.Build.0 = Release|Any CPU
	EndGlobalSection
	GlobalSection(SolutionProperties) = preSolution
		HideSolutionNode = FALSE
	EndGlobalSection
	GlobalSection(ExtensibilityGlobals) = postSolution
		SolutionGuid = {2E71C0CA-2656-4180-A2E7-EA6575E571D6}
	EndGlobalSection
EndGlobal
