Microsoft Visual Studio Solution File, Format Version 12.00
# Visual Studio Version 17
VisualStudioVersion = 17.5.2.0
MinimumVisualStudioVersion = 10.0.40219.1
Project("{FAE04EC0-301F-11D3-BF4B-00C04F79EFBC}") = "01 Variaveis e tipos - Aula 11", "01 Variaveis e tipos - Aula 11.csproj", "{C6F8C932-6EC2-4A16-2EB2-3F7294EF9A09}"
EndProject
Global
	GlobalSection(SolutionConfigurationPlatforms) = preSolution
		Debug|Any CPU = Debug|Any CPU
		Release|Any CPU = Release|Any CPU
	EndGlobalSection
	GlobalSection(ProjectConfigurationPlatforms) = postSolution
		{C6F8C932-6EC2-4A16-2EB2-3F7294EF9A09}.Debug|Any CPU.ActiveCfg = Debug|Any CPU
		{C6F8C932-6EC2-4A16-2EB2-3F7294EF9A09}.Debug|Any CPU.Build.0 = Debug|Any CPU
		{C6F8C932-6EC2-4A16-2EB2-3F7294EF9A09}.Release|Any CPU.ActiveCfg = Release|Any CPU
		{C6F8C932-6EC2-4A16-2EB2-3F7294EF9A09}.Release|Any CPU.Build.0 = Release|Any CPU
	EndGlobalSection
	GlobalSection(SolutionProperties) = preSolution
		HideSolutionNode = FALSE
	EndGlobalSection
	GlobalSection(ExtensibilityGlobals) = postSolution
		SolutionGuid = {386E3BF9-3B8B-4E26-805E-3BBA030E66D2}
	EndGlobalSection
EndGlobal
