
Microsoft Visual Studio Solution File, Format Version 12.00
# Visual Studio Version 16
VisualStudioVersion = 16.0.31624.102
MinimumVisualStudioVersion = 10.0.40219.1
Project("{FAE04EC0-301F-11D3-BF4B-00C04F79EFBC}") = "URI1065", "URI1065\URI1065.csproj", "{C94D670B-5C12-49EC-9302-BC783C86A7D2}"
EndProject
Global
	GlobalSection(SolutionConfigurationPlatforms) = preSolution
		Debug|Any CPU = Debug|Any CPU
		Release|Any CPU = Release|Any CPU
	EndGlobalSection
	GlobalSection(ProjectConfigurationPlatforms) = postSolution
		{C94D670B-5C12-49EC-9302-BC783C86A7D2}.Debug|Any CPU.ActiveCfg = Debug|Any CPU
		{C94D670B-5C12-49EC-9302-BC783C86A7D2}.Debug|Any CPU.Build.0 = Debug|Any CPU
		{C94D670B-5C12-49EC-9302-BC783C86A7D2}.Release|Any CPU.ActiveCfg = Release|Any CPU
		{C94D670B-5C12-49EC-9302-BC783C86A7D2}.Release|Any CPU.Build.0 = Release|Any CPU
	EndGlobalSection
	GlobalSection(SolutionProperties) = preSolution
		HideSolutionNode = FALSE
	EndGlobalSection
	GlobalSection(ExtensibilityGlobals) = postSolution
		SolutionGuid = {ACA4A444-F991-426C-8F5F-2A1039317B81}
	EndGlobalSection
EndGlobal
