
Microsoft Visual Studio Solution File, Format Version 12.00
# Visual Studio Version 16
VisualStudioVersion = 16.0.30320.27
MinimumVisualStudioVersion = 10.0.40219.1
Project("{FAE04EC0-301F-11D3-BF4B-00C04F79EFBC}") = "Aula 46 FOR 03", "Aula 46 FOR 03\Aula 46 FOR 03.csproj", "{FE9185B6-1147-44A5-BC82-CC53191F03B3}"
EndProject
Global
	GlobalSection(SolutionConfigurationPlatforms) = preSolution
		Debug|Any CPU = Debug|Any CPU
		Release|Any CPU = Release|Any CPU
	EndGlobalSection
	GlobalSection(ProjectConfigurationPlatforms) = postSolution
		{FE9185B6-1147-44A5-BC82-CC53191F03B3}.Debug|Any CPU.ActiveCfg = Debug|Any CPU
		{FE9185B6-1147-44A5-BC82-CC53191F03B3}.Debug|Any CPU.Build.0 = Debug|Any CPU
		{FE9185B6-1147-44A5-BC82-CC53191F03B3}.Release|Any CPU.ActiveCfg = Release|Any CPU
		{FE9185B6-1147-44A5-BC82-CC53191F03B3}.Release|Any CPU.Build.0 = Release|Any CPU
	EndGlobalSection
	GlobalSection(SolutionProperties) = preSolution
		HideSolutionNode = FALSE
	EndGlobalSection
	GlobalSection(ExtensibilityGlobals) = postSolution
		SolutionGuid = {1FB04B2A-5985-4B97-8028-3246BBCFB466}
	EndGlobalSection
EndGlobal
