Microsoft Visual Studio Solution File, Format Version 12.00
# Visual Studio Version 17
VisualStudioVersion = 17.5.2.0
MinimumVisualStudioVersion = 10.0.40219.1
Project("{FAE04EC0-301F-11D3-BF4B-00C04F79EFBC}") = "Parte 02 - Aula 08", "Parte 02 - Aula 08.csproj", "{60E30BB5-3704-B6ED-22D4-EB467AD2A3E2}"
EndProject
Global
	GlobalSection(SolutionConfigurationPlatforms) = preSolution
		Debug|Any CPU = Debug|Any CPU
		Release|Any CPU = Release|Any CPU
	EndGlobalSection
	GlobalSection(ProjectConfigurationPlatforms) = postSolution
		{60E30BB5-3704-B6ED-22D4-EB467AD2A3E2}.Debug|Any CPU.ActiveCfg = Debug|Any CPU
		{60E30BB5-3704-B6ED-22D4-EB467AD2A3E2}.Debug|Any CPU.Build.0 = Debug|Any CPU
		{60E30BB5-3704-B6ED-22D4-EB467AD2A3E2}.Release|Any CPU.ActiveCfg = Release|Any CPU
		{60E30BB5-3704-B6ED-22D4-EB467AD2A3E2}.Release|Any CPU.Build.0 = Release|Any CPU
	EndGlobalSection
	GlobalSection(SolutionProperties) = preSolution
		HideSolutionNode = FALSE
	EndGlobalSection
	GlobalSection(ExtensibilityGlobals) = postSolution
		SolutionGuid = {0F8A66D0-1209-45D8-A5ED-CEA726F2D318}
	EndGlobalSection
EndGlobal
