
Microsoft Visual Studio Solution File, Format Version 12.00
# Visual Studio Version 17
VisualStudioVersion = 17.9.34607.119
MinimumVisualStudioVersion = 10.0.40219.1
Project("{FAE04EC0-301F-11D3-BF4B-00C04F79EFBC}") = "E1006", "E1006\E1006.csproj", "{E57A98DD-FC48-48DF-B0D2-6D830AC77A75}"
EndProject
Global
	GlobalSection(SolutionConfigurationPlatforms) = preSolution
		Debug|Any CPU = Debug|Any CPU
		Release|Any CPU = Release|Any CPU
	EndGlobalSection
	GlobalSection(ProjectConfigurationPlatforms) = postSolution
		{E57A98DD-FC48-48DF-B0D2-6D830AC77A75}.Debug|Any CPU.ActiveCfg = Debug|Any CPU
		{E57A98DD-FC48-48DF-B0D2-6D830AC77A75}.Debug|Any CPU.Build.0 = Debug|Any CPU
		{E57A98DD-FC48-48DF-B0D2-6D830AC77A75}.Release|Any CPU.ActiveCfg = Release|Any CPU
		{E57A98DD-FC48-48DF-B0D2-6D830AC77A75}.Release|Any CPU.Build.0 = Release|Any CPU
	EndGlobalSection
	GlobalSection(SolutionProperties) = preSolution
		HideSolutionNode = FALSE
	EndGlobalSection
	GlobalSection(ExtensibilityGlobals) = postSolution
		SolutionGuid = {F5A8F11F-3980-4E9A-8430-F784AB8FFD46}
	EndGlobalSection
EndGlobal
