Microsoft Visual Studio Solution File, Format Version 12.00
# Visual Studio Version 17
VisualStudioVersion = 17.5.2.0
MinimumVisualStudioVersion = 10.0.40219.1
Project("{FAE04EC0-301F-11D3-BF4B-00C04F79EFBC}") = "01 Variaveis e tipos - Aula 15", "01 Variaveis e tipos - Aula 15.csproj", "{7BA0C9B8-CF22-0BCA-A129-C2D7BDE9F55A}"
EndProject
Global
	GlobalSection(SolutionConfigurationPlatforms) = preSolution
		Debug|Any CPU = Debug|Any CPU
		Release|Any CPU = Release|Any CPU
	EndGlobalSection
	GlobalSection(ProjectConfigurationPlatforms) = postSolution
		{7BA0C9B8-CF22-0BCA-A129-C2D7BDE9F55A}.Debug|Any CPU.ActiveCfg = Debug|Any CPU
		{7BA0C9B8-CF22-0BCA-A129-C2D7BDE9F55A}.Debug|Any CPU.Build.0 = Debug|Any CPU
		{7BA0C9B8-CF22-0BCA-A129-C2D7BDE9F55A}.Release|Any CPU.ActiveCfg = Release|Any CPU
		{7BA0C9B8-CF22-0BCA-A129-C2D7BDE9F55A}.Release|Any CPU.Build.0 = Release|Any CPU
	EndGlobalSection
	GlobalSection(SolutionProperties) = preSolution
		HideSolutionNode = FALSE
	EndGlobalSection
	GlobalSection(ExtensibilityGlobals) = postSolution
		SolutionGuid = {61C58F0D-DE0F-4D3C-A2C5-FAC9E149E580}
	EndGlobalSection
EndGlobal
