
Microsoft Visual Studio Solution File, Format Version 12.00
# Visual Studio Version 16
VisualStudioVersion = 16.0.30717.126
MinimumVisualStudioVersion = 10.0.40219.1
Project("{FAE04EC0-301F-11D3-BF4B-00C04F79EFBC}") = "WindowsFormsApp1", "WindowsFormsApp1\WindowsFormsApp1.csproj", "{61C86472-97C6-4F53-A0B5-7AA4B4FDC2B4}"
EndProject
Global
	GlobalSection(SolutionConfigurationPlatforms) = preSolution
		Debug|Any CPU = Debug|Any CPU
		Release|Any CPU = Release|Any CPU
	EndGlobalSection
	GlobalSection(ProjectConfigurationPlatforms) = postSolution
		{61C86472-97C6-4F53-A0B5-7AA4B4FDC2B4}.Debug|Any CPU.ActiveCfg = Debug|Any CPU
		{61C86472-97C6-4F53-A0B5-7AA4B4FDC2B4}.Debug|Any CPU.Build.0 = Debug|Any CPU
		{61C86472-97C6-4F53-A0B5-7AA4B4FDC2B4}.Release|Any CPU.ActiveCfg = Release|Any CPU
		{61C86472-97C6-4F53-A0B5-7AA4B4FDC2B4}.Release|Any CPU.Build.0 = Release|Any CPU
	EndGlobalSection
	GlobalSection(SolutionProperties) = preSolution
		HideSolutionNode = FALSE
	EndGlobalSection
	GlobalSection(ExtensibilityGlobals) = postSolution
		SolutionGuid = {62166CB0-ED2B-4686-A085-9C0CB0BA1C60}
	EndGlobalSection
EndGlobal
