
Microsoft Visual Studio Solution File, Format Version 12.00
# Visual Studio Version 16
VisualStudioVersion = 16.0.31624.102
MinimumVisualStudioVersion = 10.0.40219.1
Project("{FAE04EC0-301F-11D3-BF4B-00C04F79EFBC}") = "URI1051", "URI1051\URI1051.csproj", "{80C3455F-6F5E-4AF1-86C7-6C27D0403264}"
EndProject
Global
	GlobalSection(SolutionConfigurationPlatforms) = preSolution
		Debug|Any CPU = Debug|Any CPU
		Release|Any CPU = Release|Any CPU
	EndGlobalSection
	GlobalSection(ProjectConfigurationPlatforms) = postSolution
		{80C3455F-6F5E-4AF1-86C7-6C27D0403264}.Debug|Any CPU.ActiveCfg = Debug|Any CPU
		{80C3455F-6F5E-4AF1-86C7-6C27D0403264}.Debug|Any CPU.Build.0 = Debug|Any CPU
		{80C3455F-6F5E-4AF1-86C7-6C27D0403264}.Release|Any CPU.ActiveCfg = Release|Any CPU
		{80C3455F-6F5E-4AF1-86C7-6C27D0403264}.Release|Any CPU.Build.0 = Release|Any CPU
	EndGlobalSection
	GlobalSection(SolutionProperties) = preSolution
		HideSolutionNode = FALSE
	EndGlobalSection
	GlobalSection(ExtensibilityGlobals) = postSolution
		SolutionGuid = {68183DFF-61C5-4A02-A9E3-8B7E0C217E77}
	EndGlobalSection
EndGlobal
