
Microsoft Visual Studio Solution File, Format Version 12.00
# Visual Studio Version 16
VisualStudioVersion = 16.0.30804.86
MinimumVisualStudioVersion = 10.0.40219.1
Project("{FAE04EC0-301F-11D3-BF4B-00C04F79EFBC}") = "Revisando Aula 33 Exercicio", "Revisando Aula 33 Exercicio\Revisando Aula 33 Exercicio.csproj", "{CB24C3CD-77BF-4DB6-8F4D-4A29123EBE7A}"
EndProject
Global
	GlobalSection(SolutionConfigurationPlatforms) = preSolution
		Debug|Any CPU = Debug|Any CPU
		Release|Any CPU = Release|Any CPU
	EndGlobalSection
	GlobalSection(ProjectConfigurationPlatforms) = postSolution
		{CB24C3CD-77BF-4DB6-8F4D-4A29123EBE7A}.Debug|Any CPU.ActiveCfg = Debug|Any CPU
		{CB24C3CD-77BF-4DB6-8F4D-4A29123EBE7A}.Debug|Any CPU.Build.0 = Debug|Any CPU
		{CB24C3CD-77BF-4DB6-8F4D-4A29123EBE7A}.Release|Any CPU.ActiveCfg = Release|Any CPU
		{CB24C3CD-77BF-4DB6-8F4D-4A29123EBE7A}.Release|Any CPU.Build.0 = Release|Any CPU
	EndGlobalSection
	GlobalSection(SolutionProperties) = preSolution
		HideSolutionNode = FALSE
	EndGlobalSection
	GlobalSection(ExtensibilityGlobals) = postSolution
		SolutionGuid = {D001C072-A374-4CB0-ABDE-EAEE00152F41}
	EndGlobalSection
EndGlobal
