
Microsoft Visual Studio Solution File, Format Version 12.00
# Visual Studio Version 17
VisualStudioVersion = 17.9.34607.119
MinimumVisualStudioVersion = 10.0.40219.1
Project("{FAE04EC0-301F-11D3-BF4B-00C04F79EFBC}") = "E10113beecrowd", "E10113beecrowd\E10113beecrowd.csproj", "{6B9D1839-2EEE-493F-B1C4-4647755B976B}"
EndProject
Global
	GlobalSection(SolutionConfigurationPlatforms) = preSolution
		Debug|Any CPU = Debug|Any CPU
		Release|Any CPU = Release|Any CPU
	EndGlobalSection
	GlobalSection(ProjectConfigurationPlatforms) = postSolution
		{6B9D1839-2EEE-493F-B1C4-4647755B976B}.Debug|Any CPU.ActiveCfg = Debug|Any CPU
		{6B9D1839-2EEE-493F-B1C4-4647755B976B}.Debug|Any CPU.Build.0 = Debug|Any CPU
		{6B9D1839-2EEE-493F-B1C4-4647755B976B}.Release|Any CPU.ActiveCfg = Release|Any CPU
		{6B9D1839-2EEE-493F-B1C4-4647755B976B}.Release|Any CPU.Build.0 = Release|Any CPU
	EndGlobalSection
	GlobalSection(SolutionProperties) = preSolution
		HideSolutionNode = FALSE
	EndGlobalSection
	GlobalSection(ExtensibilityGlobals) = postSolution
		SolutionGuid = {038D7EF1-66F5-4ACE-B46F-2578DC43970F}
	EndGlobalSection
EndGlobal
