Microsoft Visual Studio Solution File, Format Version 12.00
# Visual Studio Version 17
VisualStudioVersion = 17.5.2.0
MinimumVisualStudioVersion = 10.0.40219.1
Project("{FAE04EC0-301F-11D3-BF4B-00C04F79EFBC}") = "Parte 01 - Aula 11", "Parte 01 - Aula 11.csproj", "{6E76CACD-50B5-4598-1351-D822C56C3C1D}"
EndProject
Global
	GlobalSection(SolutionConfigurationPlatforms) = preSolution
		Debug|Any CPU = Debug|Any CPU
		Release|Any CPU = Release|Any CPU
	EndGlobalSection
	GlobalSection(ProjectConfigurationPlatforms) = postSolution
		{6E76CACD-50B5-4598-1351-D822C56C3C1D}.Debug|Any CPU.ActiveCfg = Debug|Any CPU
		{6E76CACD-50B5-4598-1351-D822C56C3C1D}.Debug|Any CPU.Build.0 = Debug|Any CPU
		{6E76CACD-50B5-4598-1351-D822C56C3C1D}.Release|Any CPU.ActiveCfg = Release|Any CPU
		{6E76CACD-50B5-4598-1351-D822C56C3C1D}.Release|Any CPU.Build.0 = Release|Any CPU
	EndGlobalSection
	GlobalSection(SolutionProperties) = preSolution
		HideSolutionNode = FALSE
	EndGlobalSection
	GlobalSection(ExtensibilityGlobals) = postSolution
		SolutionGuid = {9A15C057-CD59-4424-924A-F0BDE27E3EB6}
	EndGlobalSection
EndGlobal
