
Microsoft Visual Studio Solution File, Format Version 12.00
# Visual Studio Version 17
VisualStudioVersion = 17.9.34607.119
MinimumVisualStudioVersion = 10.0.40219.1
Project("{FAE04EC0-301F-11D3-BF4B-00C04F79EFBC}") = "Exercicio01", "Exercicio01\Exercicio01.csproj", "{DEF3DFF3-D504-49AE-BD74-5700BF41B328}"
EndProject
Global
	GlobalSection(SolutionConfigurationPlatforms) = preSolution
		Debug|Any CPU = Debug|Any CPU
		Release|Any CPU = Release|Any CPU
	EndGlobalSection
	GlobalSection(ProjectConfigurationPlatforms) = postSolution
		{DEF3DFF3-D504-49AE-BD74-5700BF41B328}.Debug|Any CPU.ActiveCfg = Debug|Any CPU
		{DEF3DFF3-D504-49AE-BD74-5700BF41B328}.Debug|Any CPU.Build.0 = Debug|Any CPU
		{DEF3DFF3-D504-49AE-BD74-5700BF41B328}.Release|Any CPU.ActiveCfg = Release|Any CPU
		{DEF3DFF3-D504-49AE-BD74-5700BF41B328}.Release|Any CPU.Build.0 = Release|Any CPU
	EndGlobalSection
	GlobalSection(SolutionProperties) = preSolution
		HideSolutionNode = FALSE
	EndGlobalSection
	GlobalSection(ExtensibilityGlobals) = postSolution
		SolutionGuid = {BE81EABC-1EA3-4F9C-8CDD-D75F2DB28FE2}
	EndGlobalSection
EndGlobal
