
Microsoft Visual Studio Solution File, Format Version 12.00
# Visual Studio Version 16
VisualStudioVersion = 16.0.31515.178
MinimumVisualStudioVersion = 10.0.40219.1
Project("{FAE04EC0-301F-11D3-BF4B-00C04F79EFBC}") = "URI1020", "URI1020\URI1020.csproj", "{EC96969D-4E0F-4B51-B377-E8E4423A44F6}"
EndProject
Global
	GlobalSection(SolutionConfigurationPlatforms) = preSolution
		Debug|Any CPU = Debug|Any CPU
		Release|Any CPU = Release|Any CPU
	EndGlobalSection
	GlobalSection(ProjectConfigurationPlatforms) = postSolution
		{EC96969D-4E0F-4B51-B377-E8E4423A44F6}.Debug|Any CPU.ActiveCfg = Debug|Any CPU
		{EC96969D-4E0F-4B51-B377-E8E4423A44F6}.Debug|Any CPU.Build.0 = Debug|Any CPU
		{EC96969D-4E0F-4B51-B377-E8E4423A44F6}.Release|Any CPU.ActiveCfg = Release|Any CPU
		{EC96969D-4E0F-4B51-B377-E8E4423A44F6}.Release|Any CPU.Build.0 = Release|Any CPU
	EndGlobalSection
	GlobalSection(SolutionProperties) = preSolution
		HideSolutionNode = FALSE
	EndGlobalSection
	GlobalSection(ExtensibilityGlobals) = postSolution
		SolutionGuid = {FE7B48A2-1E87-42E7-9556-7FE61E47BE82}
	EndGlobalSection
EndGlobal
