
Microsoft Visual Studio Solution File, Format Version 12.00
# Visual Studio Version 16
VisualStudioVersion = 16.0.30320.27
MinimumVisualStudioVersion = 10.0.40219.1
Project("{FAE04EC0-301F-11D3-BF4B-00C04F79EFBC}") = "Aula 37 Estrutura switch-case", "Aula 37 Estrutura switch-case\Aula 37 Estrutura switch-case.csproj", "{D893E535-4563-432A-A66C-49E6F53BFA94}"
EndProject
Global
	GlobalSection(SolutionConfigurationPlatforms) = preSolution
		Debug|Any CPU = Debug|Any CPU
		Release|Any CPU = Release|Any CPU
	EndGlobalSection
	GlobalSection(ProjectConfigurationPlatforms) = postSolution
		{D893E535-4563-432A-A66C-49E6F53BFA94}.Debug|Any CPU.ActiveCfg = Debug|Any CPU
		{D893E535-4563-432A-A66C-49E6F53BFA94}.Debug|Any CPU.Build.0 = Debug|Any CPU
		{D893E535-4563-432A-A66C-49E6F53BFA94}.Release|Any CPU.ActiveCfg = Release|Any CPU
		{D893E535-4563-432A-A66C-49E6F53BFA94}.Release|Any CPU.Build.0 = Release|Any CPU
	EndGlobalSection
	GlobalSection(SolutionProperties) = preSolution
		HideSolutionNode = FALSE
	EndGlobalSection
	GlobalSection(ExtensibilityGlobals) = postSolution
		SolutionGuid = {CD78F082-009E-43E1-8CEB-3A6EF69AA27C}
	EndGlobalSection
EndGlobal
