
Microsoft Visual Studio Solution File, Format Version 12.00
# Visual Studio Version 17
VisualStudioVersion = 17.9.34607.119
MinimumVisualStudioVersion = 10.0.40219.1
Project("{FAE04EC0-301F-11D3-BF4B-00C04F79EFBC}") = "JogoForca", "JogoForca\JogoForca.csproj", "{5FC2E2E6-B9F4-4CF6-946A-F02BF47BF2D2}"
EndProject
Global
	GlobalSection(SolutionConfigurationPlatforms) = preSolution
		Debug|Any CPU = Debug|Any CPU
		Release|Any CPU = Release|Any CPU
	EndGlobalSection
	GlobalSection(ProjectConfigurationPlatforms) = postSolution
		{5FC2E2E6-B9F4-4CF6-946A-F02BF47BF2D2}.Debug|Any CPU.ActiveCfg = Debug|Any CPU
		{5FC2E2E6-B9F4-4CF6-946A-F02BF47BF2D2}.Debug|Any CPU.Build.0 = Debug|Any CPU
		{5FC2E2E6-B9F4-4CF6-946A-F02BF47BF2D2}.Release|Any CPU.ActiveCfg = Release|Any CPU
		{5FC2E2E6-B9F4-4CF6-946A-F02BF47BF2D2}.Release|Any CPU.Build.0 = Release|Any CPU
	EndGlobalSection
	GlobalSection(SolutionProperties) = preSolution
		HideSolutionNode = FALSE
	EndGlobalSection
	GlobalSection(ExtensibilityGlobals) = postSolution
		SolutionGuid = {94D334D6-659D-4A0F-AEDB-03F27DE387BE}
	EndGlobalSection
EndGlobal
