
Microsoft Visual Studio Solution File, Format Version 12.00
# Visual Studio Version 16
VisualStudioVersion = 16.0.30225.117
MinimumVisualStudioVersion = 10.0.40219.1
Project("{FAE04EC0-301F-11D3-BF4B-00C04F79EFBC}") = "ConsigConsultaProgram", "ConsigConsultaProgram\ConsigConsultaProgram.csproj", "{1EC85A40-BD4B-4A9B-B95F-57E4AC818717}"
EndProject
Global
	GlobalSection(SolutionConfigurationPlatforms) = preSolution
		Debug|Any CPU = Debug|Any CPU
		Release|Any CPU = Release|Any CPU
	EndGlobalSection
	GlobalSection(ProjectConfigurationPlatforms) = postSolution
		{1EC85A40-BD4B-4A9B-B95F-57E4AC818717}.Debug|Any CPU.ActiveCfg = Debug|Any CPU
		{1EC85A40-BD4B-4A9B-B95F-57E4AC818717}.Debug|Any CPU.Build.0 = Debug|Any CPU
		{1EC85A40-BD4B-4A9B-B95F-57E4AC818717}.Release|Any CPU.ActiveCfg = Release|Any CPU
		{1EC85A40-BD4B-4A9B-B95F-57E4AC818717}.Release|Any CPU.Build.0 = Release|Any CPU
	EndGlobalSection
	GlobalSection(SolutionProperties) = preSolution
		HideSolutionNode = FALSE
	EndGlobalSection
	GlobalSection(ExtensibilityGlobals) = postSolution
		SolutionGuid = {4E7B053C-C74E-4DF0-95D8-6C24FC07A121}
	EndGlobalSection
EndGlobal
