
Microsoft Visual Studio Solution File, Format Version 12.00
# Visual Studio Version 17
VisualStudioVersion = 17.9.34607.119
MinimumVisualStudioVersion = 10.0.40219.1
Project("{FAE04EC0-301F-11D3-BF4B-00C04F79EFBC}") = "E1064beecrowd", "E1064beecrowd\E1064beecrowd.csproj", "{73B9B33B-C695-4D4C-AD64-27CA632217E7}"
EndProject
Global
	GlobalSection(SolutionConfigurationPlatforms) = preSolution
		Debug|Any CPU = Debug|Any CPU
		Release|Any CPU = Release|Any CPU
	EndGlobalSection
	GlobalSection(ProjectConfigurationPlatforms) = postSolution
		{73B9B33B-C695-4D4C-AD64-27CA632217E7}.Debug|Any CPU.ActiveCfg = Debug|Any CPU
		{73B9B33B-C695-4D4C-AD64-27CA632217E7}.Debug|Any CPU.Build.0 = Debug|Any CPU
		{73B9B33B-C695-4D4C-AD64-27CA632217E7}.Release|Any CPU.ActiveCfg = Release|Any CPU
		{73B9B33B-C695-4D4C-AD64-27CA632217E7}.Release|Any CPU.Build.0 = Release|Any CPU
	EndGlobalSection
	GlobalSection(SolutionProperties) = preSolution
		HideSolutionNode = FALSE
	EndGlobalSection
	GlobalSection(ExtensibilityGlobals) = postSolution
		SolutionGuid = {C3B83C33-F20D-489B-80A2-A5480CD3C01C}
	EndGlobalSection
EndGlobal
