
Microsoft Visual Studio Solution File, Format Version 12.00
# Visual Studio Version 16
VisualStudioVersion = 16.0.30804.86
MinimumVisualStudioVersion = 10.0.40219.1
Project("{FAE04EC0-301F-11D3-BF4B-00C04F79EFBC}") = "Revisando Exercicio02", "Revisando Exercicio02\Revisando Exercicio02.csproj", "{2E4FE0EC-ABA4-4021-BC5B-23871D9EEE38}"
EndProject
Global
	GlobalSection(SolutionConfigurationPlatforms) = preSolution
		Debug|Any CPU = Debug|Any CPU
		Release|Any CPU = Release|Any CPU
	EndGlobalSection
	GlobalSection(ProjectConfigurationPlatforms) = postSolution
		{2E4FE0EC-ABA4-4021-BC5B-23871D9EEE38}.Debug|Any CPU.ActiveCfg = Debug|Any CPU
		{2E4FE0EC-ABA4-4021-BC5B-23871D9EEE38}.Debug|Any CPU.Build.0 = Debug|Any CPU
		{2E4FE0EC-ABA4-4021-BC5B-23871D9EEE38}.Release|Any CPU.ActiveCfg = Release|Any CPU
		{2E4FE0EC-ABA4-4021-BC5B-23871D9EEE38}.Release|Any CPU.Build.0 = Release|Any CPU
	EndGlobalSection
	GlobalSection(SolutionProperties) = preSolution
		HideSolutionNode = FALSE
	EndGlobalSection
	GlobalSection(ExtensibilityGlobals) = postSolution
		SolutionGuid = {6797A31D-166E-4F01-A2AD-5C7277DB601C}
	EndGlobalSection
EndGlobal
