Microsoft Visual Studio Solution File, Format Version 12.00
# Visual Studio Version 17
VisualStudioVersion = 17.5.2.0
MinimumVisualStudioVersion = 10.0.40219.1
Project("{FAE04EC0-301F-11D3-BF4B-00C04F79EFBC}") = "Parte 01 - Aula 09", "Parte 01 - Aula 09.csproj", "{91AEB894-6123-AE77-6262-808DC8BCA284}"
EndProject
Global
	GlobalSection(SolutionConfigurationPlatforms) = preSolution
		Debug|Any CPU = Debug|Any CPU
		Release|Any CPU = Release|Any CPU
	EndGlobalSection
	GlobalSection(ProjectConfigurationPlatforms) = postSolution
		{91AEB894-6123-AE77-6262-808DC8BCA284}.Debug|Any CPU.ActiveCfg = Debug|Any CPU
		{91AEB894-6123-AE77-6262-808DC8BCA284}.Debug|Any CPU.Build.0 = Debug|Any CPU
		{91AEB894-6123-AE77-6262-808DC8BCA284}.Release|Any CPU.ActiveCfg = Release|Any CPU
		{91AEB894-6123-AE77-6262-808DC8BCA284}.Release|Any CPU.Build.0 = Release|Any CPU
	EndGlobalSection
	GlobalSection(SolutionProperties) = preSolution
		HideSolutionNode = FALSE
	EndGlobalSection
	GlobalSection(ExtensibilityGlobals) = postSolution
		SolutionGuid = {B7F5A1C1-6F69-4DD8-A1B3-0EC70E09CC73}
	EndGlobalSection
EndGlobal
