
Microsoft Visual Studio Solution File, Format Version 12.00
# Visual Studio Version 16
VisualStudioVersion = 16.0.31624.102
MinimumVisualStudioVersion = 10.0.40219.1
Project("{FAE04EC0-301F-11D3-BF4B-00C04F79EFBC}") = "URI1070", "URI1070\URI1070.csproj", "{2E101A30-0EBD-42D1-B48E-59DAB8FA22C1}"
EndProject
Global
	GlobalSection(SolutionConfigurationPlatforms) = preSolution
		Debug|Any CPU = Debug|Any CPU
		Release|Any CPU = Release|Any CPU
	EndGlobalSection
	GlobalSection(ProjectConfigurationPlatforms) = postSolution
		{2E101A30-0EBD-42D1-B48E-59DAB8FA22C1}.Debug|Any CPU.ActiveCfg = Debug|Any CPU
		{2E101A30-0EBD-42D1-B48E-59DAB8FA22C1}.Debug|Any CPU.Build.0 = Debug|Any CPU
		{2E101A30-0EBD-42D1-B48E-59DAB8FA22C1}.Release|Any CPU.ActiveCfg = Release|Any CPU
		{2E101A30-0EBD-42D1-B48E-59DAB8FA22C1}.Release|Any CPU.Build.0 = Release|Any CPU
	EndGlobalSection
	GlobalSection(SolutionProperties) = preSolution
		HideSolutionNode = FALSE
	EndGlobalSection
	GlobalSection(ExtensibilityGlobals) = postSolution
		SolutionGuid = {C0B02E08-1E2B-44DA-93D8-FA2B993D6A39}
	EndGlobalSection
EndGlobal
