
Microsoft Visual Studio Solution File, Format Version 12.00
# Visual Studio Version 17
VisualStudioVersion = 17.13.35919.96 d17.13
MinimumVisualStudioVersion = 10.0.40219.1
Project("{FAE04EC0-301F-11D3-BF4B-00C04F79EFBC}") = "beecrowd10005", "beecrowd10005.csproj", "{9336E80C-01E9-4B5D-BC22-501A0E6FC48D}"
EndProject
Global
	GlobalSection(SolutionConfigurationPlatforms) = preSolution
		Debug|Any CPU = Debug|Any CPU
		Release|Any CPU = Release|Any CPU
	EndGlobalSection
	GlobalSection(ProjectConfigurationPlatforms) = postSolution
		{9336E80C-01E9-4B5D-BC22-501A0E6FC48D}.Debug|Any CPU.ActiveCfg = Debug|Any CPU
		{9336E80C-01E9-4B5D-BC22-501A0E6FC48D}.Debug|Any CPU.Build.0 = Debug|Any CPU
		{9336E80C-01E9-4B5D-BC22-501A0E6FC48D}.Release|Any CPU.ActiveCfg = Release|Any CPU
		{9336E80C-01E9-4B5D-BC22-501A0E6FC48D}.Release|Any CPU.Build.0 = Release|Any CPU
	EndGlobalSection
	GlobalSection(SolutionProperties) = preSolution
		HideSolutionNode = FALSE
	EndGlobalSection
	GlobalSection(ExtensibilityGlobals) = postSolution
		SolutionGuid = {494840F2-C1CB-4F14-A8C7-E9BE155C9568}
	EndGlobalSection
EndGlobal
