
Microsoft Visual Studio Solution File, Format Version 12.00
# Visual Studio Version 17
VisualStudioVersion = 17.13.35919.96 d17.13
MinimumVisualStudioVersion = 10.0.40219.1
Project("{FAE04EC0-301F-11D3-BF4B-00C04F79EFBC}") = "03estruturasDeDecisao", "03estruturasDeDecisao.csproj", "{3601F960-6CF7-4375-9538-00654A84D3BB}"
EndProject
Global
	GlobalSection(SolutionConfigurationPlatforms) = preSolution
		Debug|Any CPU = Debug|Any CPU
		Release|Any CPU = Release|Any CPU
	EndGlobalSection
	GlobalSection(ProjectConfigurationPlatforms) = postSolution
		{3601F960-6CF7-4375-9538-00654A84D3BB}.Debug|Any CPU.ActiveCfg = Debug|Any CPU
		{3601F960-6CF7-4375-9538-00654A84D3BB}.Debug|Any CPU.Build.0 = Debug|Any CPU
		{3601F960-6CF7-4375-9538-00654A84D3BB}.Release|Any CPU.ActiveCfg = Release|Any CPU
		{3601F960-6CF7-4375-9538-00654A84D3BB}.Release|Any CPU.Build.0 = Release|Any CPU
	EndGlobalSection
	GlobalSection(SolutionProperties) = preSolution
		HideSolutionNode = FALSE
	EndGlobalSection
	GlobalSection(ExtensibilityGlobals) = postSolution
		SolutionGuid = {9728213F-F182-4AC3-B049-0E8F7626BB54}
	EndGlobalSection
EndGlobal
