
Microsoft Visual Studio Solution File, Format Version 12.00
# Visual Studio Version 16
VisualStudioVersion = 16.0.30413.136
MinimumVisualStudioVersion = 10.0.40219.1
Project("{FAE04EC0-301F-11D3-BF4B-00C04F79EFBC}") = "Aula 67 Exercicio 02", "Aula 67 Exercicio 02\Aula 67 Exercicio 02.csproj", "{C7286EDA-A5D9-4C19-ACF0-3147FD2DC838}"
EndProject
Global
	GlobalSection(SolutionConfigurationPlatforms) = preSolution
		Debug|Any CPU = Debug|Any CPU
		Release|Any CPU = Release|Any CPU
	EndGlobalSection
	GlobalSection(ProjectConfigurationPlatforms) = postSolution
		{C7286EDA-A5D9-4C19-ACF0-3147FD2DC838}.Debug|Any CPU.ActiveCfg = Debug|Any CPU
		{C7286EDA-A5D9-4C19-ACF0-3147FD2DC838}.Debug|Any CPU.Build.0 = Debug|Any CPU
		{C7286EDA-A5D9-4C19-ACF0-3147FD2DC838}.Release|Any CPU.ActiveCfg = Release|Any CPU
		{C7286EDA-A5D9-4C19-ACF0-3147FD2DC838}.Release|Any CPU.Build.0 = Release|Any CPU
	EndGlobalSection
	GlobalSection(SolutionProperties) = preSolution
		HideSolutionNode = FALSE
	EndGlobalSection
	GlobalSection(ExtensibilityGlobals) = postSolution
		SolutionGuid = {F41B5584-2DB0-40D6-93EE-F1668732DB5B}
	EndGlobalSection
EndGlobal
