
Microsoft Visual Studio Solution File, Format Version 12.00
# Visual Studio Version 17
VisualStudioVersion = 17.9.34607.119
MinimumVisualStudioVersion = 10.0.40219.1
Project("{FAE04EC0-301F-11D3-BF4B-00C04F79EFBC}") = "E1041beecrowd", "E1041beecrowd\E1041beecrowd.csproj", "{E836E408-F278-4082-A0F9-55A9E5CBE888}"
EndProject
Global
	GlobalSection(SolutionConfigurationPlatforms) = preSolution
		Debug|Any CPU = Debug|Any CPU
		Release|Any CPU = Release|Any CPU
	EndGlobalSection
	GlobalSection(ProjectConfigurationPlatforms) = postSolution
		{E836E408-F278-4082-A0F9-55A9E5CBE888}.Debug|Any CPU.ActiveCfg = Debug|Any CPU
		{E836E408-F278-4082-A0F9-55A9E5CBE888}.Debug|Any CPU.Build.0 = Debug|Any CPU
		{E836E408-F278-4082-A0F9-55A9E5CBE888}.Release|Any CPU.ActiveCfg = Release|Any CPU
		{E836E408-F278-4082-A0F9-55A9E5CBE888}.Release|Any CPU.Build.0 = Release|Any CPU
	EndGlobalSection
	GlobalSection(SolutionProperties) = preSolution
		HideSolutionNode = FALSE
	EndGlobalSection
	GlobalSection(ExtensibilityGlobals) = postSolution
		SolutionGuid = {18B0C318-0103-437F-A142-149BA64E3382}
	EndGlobalSection
EndGlobal
