Microsoft Visual Studio Solution File, Format Version 12.00
# Visual Studio Version 17
VisualStudioVersion = 17.5.2.0
MinimumVisualStudioVersion = 10.0.40219.1
Project("{FAE04EC0-301F-11D3-BF4B-00C04F79EFBC}") = "Parte 03 Aula 02", "Parte 03 Aula 02.csproj", "{059DEA91-4C15-81C4-611E-357F0674B0C3}"
EndProject
Global
	GlobalSection(SolutionConfigurationPlatforms) = preSolution
		Debug|Any CPU = Debug|Any CPU
		Release|Any CPU = Release|Any CPU
	EndGlobalSection
	GlobalSection(ProjectConfigurationPlatforms) = postSolution
		{059DEA91-4C15-81C4-611E-357F0674B0C3}.Debug|Any CPU.ActiveCfg = Debug|Any CPU
		{059DEA91-4C15-81C4-611E-357F0674B0C3}.Debug|Any CPU.Build.0 = Debug|Any CPU
		{059DEA91-4C15-81C4-611E-357F0674B0C3}.Release|Any CPU.ActiveCfg = Release|Any CPU
		{059DEA91-4C15-81C4-611E-357F0674B0C3}.Release|Any CPU.Build.0 = Release|Any CPU
	EndGlobalSection
	GlobalSection(SolutionProperties) = preSolution
		HideSolutionNode = FALSE
	EndGlobalSection
	GlobalSection(ExtensibilityGlobals) = postSolution
		SolutionGuid = {4B0D292E-B1A7-436A-93BE-719121836D50}
	EndGlobalSection
EndGlobal
