
Microsoft Visual Studio Solution File, Format Version 12.00
# Visual Studio Version 16
VisualStudioVersion = 16.0.30503.244
MinimumVisualStudioVersion = 10.0.40219.1
Project("{FAE04EC0-301F-11D3-BF4B-00C04F79EFBC}") = "Aula 38 Exemplo Problema 01", "Aula 38 Exemplo Problema 01\Aula 38 Exemplo Problema 01.csproj", "{66699637-8925-4FE3-9E68-D828453D043D}"
EndProject
Global
	GlobalSection(SolutionConfigurationPlatforms) = preSolution
		Debug|Any CPU = Debug|Any CPU
		Release|Any CPU = Release|Any CPU
	EndGlobalSection
	GlobalSection(ProjectConfigurationPlatforms) = postSolution
		{66699637-8925-4FE3-9E68-D828453D043D}.Debug|Any CPU.ActiveCfg = Debug|Any CPU
		{66699637-8925-4FE3-9E68-D828453D043D}.Debug|Any CPU.Build.0 = Debug|Any CPU
		{66699637-8925-4FE3-9E68-D828453D043D}.Release|Any CPU.ActiveCfg = Release|Any CPU
		{66699637-8925-4FE3-9E68-D828453D043D}.Release|Any CPU.Build.0 = Release|Any CPU
	EndGlobalSection
	GlobalSection(SolutionProperties) = preSolution
		HideSolutionNode = FALSE
	EndGlobalSection
	GlobalSection(ExtensibilityGlobals) = postSolution
		SolutionGuid = {992C1F7A-6481-4B6E-9354-75D6155120DF}
	EndGlobalSection
EndGlobal
