
Microsoft Visual Studio Solution File, Format Version 12.00
# Visual Studio Version 17
VisualStudioVersion = 17.13.35919.96 d17.13
MinimumVisualStudioVersion = 10.0.40219.1
Project("{FAE04EC0-301F-11D3-BF4B-00C04F79EFBC}") = "02comparacaoLogicos", "02comparacaoLogicos.csproj", "{45749199-30C7-4FB4-9957-59EAF66075B7}"
EndProject
Global
	GlobalSection(SolutionConfigurationPlatforms) = preSolution
		Debug|Any CPU = Debug|Any CPU
		Release|Any CPU = Release|Any CPU
	EndGlobalSection
	GlobalSection(ProjectConfigurationPlatforms) = postSolution
		{45749199-30C7-4FB4-9957-59EAF66075B7}.Debug|Any CPU.ActiveCfg = Debug|Any CPU
		{45749199-30C7-4FB4-9957-59EAF66075B7}.Debug|Any CPU.Build.0 = Debug|Any CPU
		{45749199-30C7-4FB4-9957-59EAF66075B7}.Release|Any CPU.ActiveCfg = Release|Any CPU
		{45749199-30C7-4FB4-9957-59EAF66075B7}.Release|Any CPU.Build.0 = Release|Any CPU
	EndGlobalSection
	GlobalSection(SolutionProperties) = preSolution
		HideSolutionNode = FALSE
	EndGlobalSection
	GlobalSection(ExtensibilityGlobals) = postSolution
		SolutionGuid = {1ED7FF1C-D44D-4AFD-BA90-B03BA12FCF1B}
	EndGlobalSection
EndGlobal
