
Microsoft Visual Studio Solution File, Format Version 12.00
# Visual Studio Version 16
VisualStudioVersion = 16.0.31605.320
MinimumVisualStudioVersion = 10.0.40219.1
Project("{FAE04EC0-301F-11D3-BF4B-00C04F79EFBC}") = "URI1047", "URI1047\URI1047.csproj", "{A3F98B84-EA7E-481D-A3D9-C4A4D84A0397}"
EndProject
Global
	GlobalSection(SolutionConfigurationPlatforms) = preSolution
		Debug|Any CPU = Debug|Any CPU
		Release|Any CPU = Release|Any CPU
	EndGlobalSection
	GlobalSection(ProjectConfigurationPlatforms) = postSolution
		{A3F98B84-EA7E-481D-A3D9-C4A4D84A0397}.Debug|Any CPU.ActiveCfg = Debug|Any CPU
		{A3F98B84-EA7E-481D-A3D9-C4A4D84A0397}.Debug|Any CPU.Build.0 = Debug|Any CPU
		{A3F98B84-EA7E-481D-A3D9-C4A4D84A0397}.Release|Any CPU.ActiveCfg = Release|Any CPU
		{A3F98B84-EA7E-481D-A3D9-C4A4D84A0397}.Release|Any CPU.Build.0 = Release|Any CPU
	EndGlobalSection
	GlobalSection(SolutionProperties) = preSolution
		HideSolutionNode = FALSE
	EndGlobalSection
	GlobalSection(ExtensibilityGlobals) = postSolution
		SolutionGuid = {0154FDC5-4533-4060-B681-9641B597747A}
	EndGlobalSection
EndGlobal
