
Microsoft Visual Studio Solution File, Format Version 12.00
# Visual Studio Version 16
VisualStudioVersion = 16.0.30804.86
MinimumVisualStudioVersion = 10.0.40219.1
Project("{FAE04EC0-301F-11D3-BF4B-00C04F79EFBC}") = "Revisando URI1015", "Revisando URI1015\Revisando URI1015.csproj", "{A38C7282-9441-412C-BDB0-B25E027EF3CD}"
EndProject
Global
	GlobalSection(SolutionConfigurationPlatforms) = preSolution
		Debug|Any CPU = Debug|Any CPU
		Release|Any CPU = Release|Any CPU
	EndGlobalSection
	GlobalSection(ProjectConfigurationPlatforms) = postSolution
		{A38C7282-9441-412C-BDB0-B25E027EF3CD}.Debug|Any CPU.ActiveCfg = Debug|Any CPU
		{A38C7282-9441-412C-BDB0-B25E027EF3CD}.Debug|Any CPU.Build.0 = Debug|Any CPU
		{A38C7282-9441-412C-BDB0-B25E027EF3CD}.Release|Any CPU.ActiveCfg = Release|Any CPU
		{A38C7282-9441-412C-BDB0-B25E027EF3CD}.Release|Any CPU.Build.0 = Release|Any CPU
	EndGlobalSection
	GlobalSection(SolutionProperties) = preSolution
		HideSolutionNode = FALSE
	EndGlobalSection
	GlobalSection(ExtensibilityGlobals) = postSolution
		SolutionGuid = {409A595B-89E8-40B8-90FD-24A54A9F01F2}
	EndGlobalSection
EndGlobal
