
Microsoft Visual Studio Solution File, Format Version 12.00
# Visual Studio Version 16
VisualStudioVersion = 16.0.30320.27
MinimumVisualStudioVersion = 10.0.40219.1
Project("{FAE04EC0-301F-11D3-BF4B-00C04F79EFBC}") = "Aula 57 Exercicio Resolvido 01", "Aula 57 Exercicio Resolvido 01\Aula 57 Exercicio Resolvido 01.csproj", "{D73A8432-D3DB-4C2F-9891-8EFD74C0B0FE}"
EndProject
Global
	GlobalSection(SolutionConfigurationPlatforms) = preSolution
		Debug|Any CPU = Debug|Any CPU
		Release|Any CPU = Release|Any CPU
	EndGlobalSection
	GlobalSection(ProjectConfigurationPlatforms) = postSolution
		{D73A8432-D3DB-4C2F-9891-8EFD74C0B0FE}.Debug|Any CPU.ActiveCfg = Debug|Any CPU
		{D73A8432-D3DB-4C2F-9891-8EFD74C0B0FE}.Debug|Any CPU.Build.0 = Debug|Any CPU
		{D73A8432-D3DB-4C2F-9891-8EFD74C0B0FE}.Release|Any CPU.ActiveCfg = Release|Any CPU
		{D73A8432-D3DB-4C2F-9891-8EFD74C0B0FE}.Release|Any CPU.Build.0 = Release|Any CPU
	EndGlobalSection
	GlobalSection(SolutionProperties) = preSolution
		HideSolutionNode = FALSE
	EndGlobalSection
	GlobalSection(ExtensibilityGlobals) = postSolution
		SolutionGuid = {2CE7FCF8-8883-46E7-91CE-C787761B4205}
	EndGlobalSection
EndGlobal
