
Microsoft Visual Studio Solution File, Format Version 12.00
# Visual Studio Version 17
VisualStudioVersion = 17.13.35919.96 d17.13
MinimumVisualStudioVersion = 10.0.40219.1
Project("{FAE04EC0-301F-11D3-BF4B-00C04F79EFBC}") = "04metodosEFuncoes", "04metodosEFuncoes.csproj", "{14FACDA8-5BC7-43FE-BC45-F8DE2D26A688}"
EndProject
Global
	GlobalSection(SolutionConfigurationPlatforms) = preSolution
		Debug|Any CPU = Debug|Any CPU
		Release|Any CPU = Release|Any CPU
	EndGlobalSection
	GlobalSection(ProjectConfigurationPlatforms) = postSolution
		{14FACDA8-5BC7-43FE-BC45-F8DE2D26A688}.Debug|Any CPU.ActiveCfg = Debug|Any CPU
		{14FACDA8-5BC7-43FE-BC45-F8DE2D26A688}.Debug|Any CPU.Build.0 = Debug|Any CPU
		{14FACDA8-5BC7-43FE-BC45-F8DE2D26A688}.Release|Any CPU.ActiveCfg = Release|Any CPU
		{14FACDA8-5BC7-43FE-BC45-F8DE2D26A688}.Release|Any CPU.Build.0 = Release|Any CPU
	EndGlobalSection
	GlobalSection(SolutionProperties) = preSolution
		HideSolutionNode = FALSE
	EndGlobalSection
	GlobalSection(ExtensibilityGlobals) = postSolution
		SolutionGuid = {1D915AA6-5DF9-472E-878C-0CA77D5FC129}
	EndGlobalSection
EndGlobal
