
Microsoft Visual Studio Solution File, Format Version 12.00
# Visual Studio Version 17
VisualStudioVersion = 17.9.34607.119
MinimumVisualStudioVersion = 10.0.40219.1
Project("{FAE04EC0-301F-11D3-BF4B-00C04F79EFBC}") = "Exercicio", "Exercicio\Exercicio.csproj", "{37BB32D0-6FC0-48E1-A770-64315A38393F}"
EndProject
Global
	GlobalSection(SolutionConfigurationPlatforms) = preSolution
		Debug|Any CPU = Debug|Any CPU
		Release|Any CPU = Release|Any CPU
	EndGlobalSection
	GlobalSection(ProjectConfigurationPlatforms) = postSolution
		{37BB32D0-6FC0-48E1-A770-64315A38393F}.Debug|Any CPU.ActiveCfg = Debug|Any CPU
		{37BB32D0-6FC0-48E1-A770-64315A38393F}.Debug|Any CPU.Build.0 = Debug|Any CPU
		{37BB32D0-6FC0-48E1-A770-64315A38393F}.Release|Any CPU.ActiveCfg = Release|Any CPU
		{37BB32D0-6FC0-48E1-A770-64315A38393F}.Release|Any CPU.Build.0 = Release|Any CPU
	EndGlobalSection
	GlobalSection(SolutionProperties) = preSolution
		HideSolutionNode = FALSE
	EndGlobalSection
	GlobalSection(ExtensibilityGlobals) = postSolution
		SolutionGuid = {BD7D567A-2D76-4C01-8416-963E974AA15E}
	EndGlobalSection
EndGlobal
