
Microsoft Visual Studio Solution File, Format Version 12.00
# Visual Studio Version 16
VisualStudioVersion = 16.0.30320.27
MinimumVisualStudioVersion = 10.0.40219.1
Project("{FAE04EC0-301F-11D3-BF4B-00C04F79EFBC}") = "Exercicio Aula 44", "Exercicio Aula 44\Exercicio Aula 44.csproj", "{8187FE67-270F-488C-B279-E2BA5B45F78A}"
EndProject
Global
	GlobalSection(SolutionConfigurationPlatforms) = preSolution
		Debug|Any CPU = Debug|Any CPU
		Release|Any CPU = Release|Any CPU
	EndGlobalSection
	GlobalSection(ProjectConfigurationPlatforms) = postSolution
		{8187FE67-270F-488C-B279-E2BA5B45F78A}.Debug|Any CPU.ActiveCfg = Debug|Any CPU
		{8187FE67-270F-488C-B279-E2BA5B45F78A}.Debug|Any CPU.Build.0 = Debug|Any CPU
		{8187FE67-270F-488C-B279-E2BA5B45F78A}.Release|Any CPU.ActiveCfg = Release|Any CPU
		{8187FE67-270F-488C-B279-E2BA5B45F78A}.Release|Any CPU.Build.0 = Release|Any CPU
	EndGlobalSection
	GlobalSection(SolutionProperties) = preSolution
		HideSolutionNode = FALSE
	EndGlobalSection
	GlobalSection(ExtensibilityGlobals) = postSolution
		SolutionGuid = {273187E3-4958-4427-8853-E07F01D5C139}
	EndGlobalSection
EndGlobal
