
Microsoft Visual Studio Solution File, Format Version 12.00
# Visual Studio Version 17
VisualStudioVersion = 17.9.34607.119
MinimumVisualStudioVersion = 10.0.40219.1
Project("{FAE04EC0-301F-11D3-BF4B-00C04F79EFBC}") = "E1046beecrowd", "E1046beecrowd\E1046beecrowd.csproj", "{881E0E39-1E7F-4542-AA0A-D391089B4B72}"
EndProject
Global
	GlobalSection(SolutionConfigurationPlatforms) = preSolution
		Debug|Any CPU = Debug|Any CPU
		Release|Any CPU = Release|Any CPU
	EndGlobalSection
	GlobalSection(ProjectConfigurationPlatforms) = postSolution
		{881E0E39-1E7F-4542-AA0A-D391089B4B72}.Debug|Any CPU.ActiveCfg = Debug|Any CPU
		{881E0E39-1E7F-4542-AA0A-D391089B4B72}.Debug|Any CPU.Build.0 = Debug|Any CPU
		{881E0E39-1E7F-4542-AA0A-D391089B4B72}.Release|Any CPU.ActiveCfg = Release|Any CPU
		{881E0E39-1E7F-4542-AA0A-D391089B4B72}.Release|Any CPU.Build.0 = Release|Any CPU
	EndGlobalSection
	GlobalSection(SolutionProperties) = preSolution
		HideSolutionNode = FALSE
	EndGlobalSection
	GlobalSection(ExtensibilityGlobals) = postSolution
		SolutionGuid = {F2A076EB-F85E-4161-8B4C-B6BF5903E198}
	EndGlobalSection
EndGlobal
