
Microsoft Visual Studio Solution File, Format Version 12.00
# Visual Studio Version 16
VisualStudioVersion = 16.0.31605.320
MinimumVisualStudioVersion = 10.0.40219.1
Project("{FAE04EC0-301F-11D3-BF4B-00C04F79EFBC}") = "URI1046", "URI1046\URI1046.csproj", "{4F374439-362D-49EE-9A9A-1915D34E10B7}"
EndProject
Global
	GlobalSection(SolutionConfigurationPlatforms) = preSolution
		Debug|Any CPU = Debug|Any CPU
		Release|Any CPU = Release|Any CPU
	EndGlobalSection
	GlobalSection(ProjectConfigurationPlatforms) = postSolution
		{4F374439-362D-49EE-9A9A-1915D34E10B7}.Debug|Any CPU.ActiveCfg = Debug|Any CPU
		{4F374439-362D-49EE-9A9A-1915D34E10B7}.Debug|Any CPU.Build.0 = Debug|Any CPU
		{4F374439-362D-49EE-9A9A-1915D34E10B7}.Release|Any CPU.ActiveCfg = Release|Any CPU
		{4F374439-362D-49EE-9A9A-1915D34E10B7}.Release|Any CPU.Build.0 = Release|Any CPU
	EndGlobalSection
	GlobalSection(SolutionProperties) = preSolution
		HideSolutionNode = FALSE
	EndGlobalSection
	GlobalSection(ExtensibilityGlobals) = postSolution
		SolutionGuid = {F41B42FD-F707-4F65-8027-847FF1DE5C4C}
	EndGlobalSection
EndGlobal
