
Microsoft Visual Studio Solution File, Format Version 12.00
# Visual Studio Version 17
VisualStudioVersion = 17.9.34622.214
MinimumVisualStudioVersion = 10.0.40219.1
Project("{FAE04EC0-301F-11D3-BF4B-00C04F79EFBC}") = "Exercicio012", "Exercicio012\Exercicio012.csproj", "{456DF96C-40A8-4C28-B698-09608B6BC118}"
EndProject
Global
	GlobalSection(SolutionConfigurationPlatforms) = preSolution
		Debug|Any CPU = Debug|Any CPU
		Release|Any CPU = Release|Any CPU
	EndGlobalSection
	GlobalSection(ProjectConfigurationPlatforms) = postSolution
		{456DF96C-40A8-4C28-B698-09608B6BC118}.Debug|Any CPU.ActiveCfg = Debug|Any CPU
		{456DF96C-40A8-4C28-B698-09608B6BC118}.Debug|Any CPU.Build.0 = Debug|Any CPU
		{456DF96C-40A8-4C28-B698-09608B6BC118}.Release|Any CPU.ActiveCfg = Release|Any CPU
		{456DF96C-40A8-4C28-B698-09608B6BC118}.Release|Any CPU.Build.0 = Release|Any CPU
	EndGlobalSection
	GlobalSection(SolutionProperties) = preSolution
		HideSolutionNode = FALSE
	EndGlobalSection
	GlobalSection(ExtensibilityGlobals) = postSolution
		SolutionGuid = {A0CD14A2-A408-4849-948F-ECC7CDAB0349}
	EndGlobalSection
EndGlobal
