
Microsoft Visual Studio Solution File, Format Version 12.00
# Visual Studio Version 16
VisualStudioVersion = 16.0.31624.102
MinimumVisualStudioVersion = 10.0.40219.1
Project("{FAE04EC0-301F-11D3-BF4B-00C04F79EFBC}") = "URI1042", "URI1042\URI1042.csproj", "{377AFB6A-C62F-49AA-AE35-8B8BBA527899}"
EndProject
Global
	GlobalSection(SolutionConfigurationPlatforms) = preSolution
		Debug|Any CPU = Debug|Any CPU
		Release|Any CPU = Release|Any CPU
	EndGlobalSection
	GlobalSection(ProjectConfigurationPlatforms) = postSolution
		{377AFB6A-C62F-49AA-AE35-8B8BBA527899}.Debug|Any CPU.ActiveCfg = Debug|Any CPU
		{377AFB6A-C62F-49AA-AE35-8B8BBA527899}.Debug|Any CPU.Build.0 = Debug|Any CPU
		{377AFB6A-C62F-49AA-AE35-8B8BBA527899}.Release|Any CPU.ActiveCfg = Release|Any CPU
		{377AFB6A-C62F-49AA-AE35-8B8BBA527899}.Release|Any CPU.Build.0 = Release|Any CPU
	EndGlobalSection
	GlobalSection(SolutionProperties) = preSolution
		HideSolutionNode = FALSE
	EndGlobalSection
	GlobalSection(ExtensibilityGlobals) = postSolution
		SolutionGuid = {94E3E9AD-9AAF-4A48-AFA2-FAC65B31DA09}
	EndGlobalSection
EndGlobal
