
Microsoft Visual Studio Solution File, Format Version 12.00
# Visual Studio Version 16
VisualStudioVersion = 16.0.30804.86
MinimumVisualStudioVersion = 10.0.40219.1
Project("{FAE04EC0-301F-11D3-BF4B-00C04F79EFBC}") = "FuncoesMatematicas", "FuncoesMatematicas\FuncoesMatematicas.csproj", "{BC197F88-7D11-4EA5-A55E-1ED54D2C71A7}"
EndProject
Global
	GlobalSection(SolutionConfigurationPlatforms) = preSolution
		Debug|Any CPU = Debug|Any CPU
		Release|Any CPU = Release|Any CPU
	EndGlobalSection
	GlobalSection(ProjectConfigurationPlatforms) = postSolution
		{BC197F88-7D11-4EA5-A55E-1ED54D2C71A7}.Debug|Any CPU.ActiveCfg = Debug|Any CPU
		{BC197F88-7D11-4EA5-A55E-1ED54D2C71A7}.Debug|Any CPU.Build.0 = Debug|Any CPU
		{BC197F88-7D11-4EA5-A55E-1ED54D2C71A7}.Release|Any CPU.ActiveCfg = Release|Any CPU
		{BC197F88-7D11-4EA5-A55E-1ED54D2C71A7}.Release|Any CPU.Build.0 = Release|Any CPU
	EndGlobalSection
	GlobalSection(SolutionProperties) = preSolution
		HideSolutionNode = FALSE
	EndGlobalSection
	GlobalSection(ExtensibilityGlobals) = postSolution
		SolutionGuid = {BAB846EC-7800-4A86-85F5-DCEECDC59667}
	EndGlobalSection
EndGlobal
