
Microsoft Visual Studio Solution File, Format Version 12.00
# Visual Studio Version 16
VisualStudioVersion = 16.0.30621.155
MinimumVisualStudioVersion = 10.0.40219.1
Project("{FAE04EC0-301F-11D3-BF4B-00C04F79EFBC}") = "MembrosEstaticos Aula47 Exemplo02", "MembrosEstaticos Aula47 Exemplo02\MembrosEstaticos Aula47 Exemplo02.csproj", "{9F651701-E689-4009-97BE-69FD434BC275}"
EndProject
Global
	GlobalSection(SolutionConfigurationPlatforms) = preSolution
		Debug|Any CPU = Debug|Any CPU
		Release|Any CPU = Release|Any CPU
	EndGlobalSection
	GlobalSection(ProjectConfigurationPlatforms) = postSolution
		{9F651701-E689-4009-97BE-69FD434BC275}.Debug|Any CPU.ActiveCfg = Debug|Any CPU
		{9F651701-E689-4009-97BE-69FD434BC275}.Debug|Any CPU.Build.0 = Debug|Any CPU
		{9F651701-E689-4009-97BE-69FD434BC275}.Release|Any CPU.ActiveCfg = Release|Any CPU
		{9F651701-E689-4009-97BE-69FD434BC275}.Release|Any CPU.Build.0 = Release|Any CPU
	EndGlobalSection
	GlobalSection(SolutionProperties) = preSolution
		HideSolutionNode = FALSE
	EndGlobalSection
	GlobalSection(ExtensibilityGlobals) = postSolution
		SolutionGuid = {FA9E3132-09EC-40AC-B5DB-FBB1D24EE268}
	EndGlobalSection
EndGlobal
