
Microsoft Visual Studio Solution File, Format Version 12.00
# Visual Studio Version 16
VisualStudioVersion = 16.0.31424.327
MinimumVisualStudioVersion = 10.0.40219.1
Project("{FAE04EC0-301F-11D3-BF4B-00C04F79EFBC}") = "URI1012", "URI1012\URI1012.csproj", "{D7013FEE-0DBB-4026-ADB2-E19B0BFEF674}"
EndProject
Global
	GlobalSection(SolutionConfigurationPlatforms) = preSolution
		Debug|Any CPU = Debug|Any CPU
		Release|Any CPU = Release|Any CPU
	EndGlobalSection
	GlobalSection(ProjectConfigurationPlatforms) = postSolution
		{D7013FEE-0DBB-4026-ADB2-E19B0BFEF674}.Debug|Any CPU.ActiveCfg = Debug|Any CPU
		{D7013FEE-0DBB-4026-ADB2-E19B0BFEF674}.Debug|Any CPU.Build.0 = Debug|Any CPU
		{D7013FEE-0DBB-4026-ADB2-E19B0BFEF674}.Release|Any CPU.ActiveCfg = Release|Any CPU
		{D7013FEE-0DBB-4026-ADB2-E19B0BFEF674}.Release|Any CPU.Build.0 = Release|Any CPU
	EndGlobalSection
	GlobalSection(SolutionProperties) = preSolution
		HideSolutionNode = FALSE
	EndGlobalSection
	GlobalSection(ExtensibilityGlobals) = postSolution
		SolutionGuid = {F6A40E8D-061A-4E5C-A8FC-B12F8BB5E525}
	EndGlobalSection
EndGlobal
