
Microsoft Visual Studio Solution File, Format Version 12.00
# Visual Studio Version 17
VisualStudioVersion = 17.9.34607.119
MinimumVisualStudioVersion = 10.0.40219.1
Project("{FAE04EC0-301F-11D3-BF4B-00C04F79EFBC}") = "E1043beecrowd", "E1043beecrowd\E1043beecrowd.csproj", "{402CE821-DEB9-4749-8346-D325AA51B572}"
EndProject
Global
	GlobalSection(SolutionConfigurationPlatforms) = preSolution
		Debug|Any CPU = Debug|Any CPU
		Release|Any CPU = Release|Any CPU
	EndGlobalSection
	GlobalSection(ProjectConfigurationPlatforms) = postSolution
		{402CE821-DEB9-4749-8346-D325AA51B572}.Debug|Any CPU.ActiveCfg = Debug|Any CPU
		{402CE821-DEB9-4749-8346-D325AA51B572}.Debug|Any CPU.Build.0 = Debug|Any CPU
		{402CE821-DEB9-4749-8346-D325AA51B572}.Release|Any CPU.ActiveCfg = Release|Any CPU
		{402CE821-DEB9-4749-8346-D325AA51B572}.Release|Any CPU.Build.0 = Release|Any CPU
	EndGlobalSection
	GlobalSection(SolutionProperties) = preSolution
		HideSolutionNode = FALSE
	EndGlobalSection
	GlobalSection(ExtensibilityGlobals) = postSolution
		SolutionGuid = {8AAD93DD-BAF7-4B4D-B951-F6C9690EB8AB}
	EndGlobalSection
EndGlobal
