
Microsoft Visual Studio Solution File, Format Version 12.00
# Visual Studio Version 17
VisualStudioVersion = 17.9.34607.119
MinimumVisualStudioVersion = 10.0.40219.1
Project("{FAE04EC0-301F-11D3-BF4B-00C04F79EFBC}") = "E1066beecrowd", "E1066beecrowd\E1066beecrowd.csproj", "{81E81FE9-DCA7-4187-A48D-40B24B9E5AD3}"
EndProject
Global
	GlobalSection(SolutionConfigurationPlatforms) = preSolution
		Debug|Any CPU = Debug|Any CPU
		Release|Any CPU = Release|Any CPU
	EndGlobalSection
	GlobalSection(ProjectConfigurationPlatforms) = postSolution
		{81E81FE9-DCA7-4187-A48D-40B24B9E5AD3}.Debug|Any CPU.ActiveCfg = Debug|Any CPU
		{81E81FE9-DCA7-4187-A48D-40B24B9E5AD3}.Debug|Any CPU.Build.0 = Debug|Any CPU
		{81E81FE9-DCA7-4187-A48D-40B24B9E5AD3}.Release|Any CPU.ActiveCfg = Release|Any CPU
		{81E81FE9-DCA7-4187-A48D-40B24B9E5AD3}.Release|Any CPU.Build.0 = Release|Any CPU
	EndGlobalSection
	GlobalSection(SolutionProperties) = preSolution
		HideSolutionNode = FALSE
	EndGlobalSection
	GlobalSection(ExtensibilityGlobals) = postSolution
		SolutionGuid = {64F84A32-C78C-416E-B1AD-C517DC2E8A24}
	EndGlobalSection
EndGlobal
