Microsoft Visual Studio Solution File, Format Version 12.00
# Visual Studio Version 17
VisualStudioVersion = 17.5.2.0
MinimumVisualStudioVersion = 10.0.40219.1
Project("{FAE04EC0-301F-11D3-BF4B-00C04F79EFBC}") = "Parte 02 Aula 02", "Parte 02 Aula 02.csproj", "{BD939949-8EE7-B355-B155-713AA6CDB5D8}"
EndProject
Global
	GlobalSection(SolutionConfigurationPlatforms) = preSolution
		Debug|Any CPU = Debug|Any CPU
		Release|Any CPU = Release|Any CPU
	EndGlobalSection
	GlobalSection(ProjectConfigurationPlatforms) = postSolution
		{BD939949-8EE7-B355-B155-713AA6CDB5D8}.Debug|Any CPU.ActiveCfg = Debug|Any CPU
		{BD939949-8EE7-B355-B155-713AA6CDB5D8}.Debug|Any CPU.Build.0 = Debug|Any CPU
		{BD939949-8EE7-B355-B155-713AA6CDB5D8}.Release|Any CPU.ActiveCfg = Release|Any CPU
		{BD939949-8EE7-B355-B155-713AA6CDB5D8}.Release|Any CPU.Build.0 = Release|Any CPU
	EndGlobalSection
	GlobalSection(SolutionProperties) = preSolution
		HideSolutionNode = FALSE
	EndGlobalSection
	GlobalSection(ExtensibilityGlobals) = postSolution
		SolutionGuid = {96789575-BBB3-4011-AA86-473F29A0EB85}
	EndGlobalSection
EndGlobal
