
Microsoft Visual Studio Solution File, Format Version 12.00
# Visual Studio Version 17
VisualStudioVersion = 17.10.35122.118
MinimumVisualStudioVersion = 10.0.40219.1
Project("{FAE04EC0-301F-11D3-BF4B-00C04F79EFBC}") = "EntradaDeDados", "EntradaDeDados\EntradaDeDados.csproj", "{80CCE2EE-9317-40F3-A4E8-BFF6D68993D4}"
EndProject
Global
	GlobalSection(SolutionConfigurationPlatforms) = preSolution
		Debug|Any CPU = Debug|Any CPU
		Release|Any CPU = Release|Any CPU
	EndGlobalSection
	GlobalSection(ProjectConfigurationPlatforms) = postSolution
		{80CCE2EE-9317-40F3-A4E8-BFF6D68993D4}.Debug|Any CPU.ActiveCfg = Debug|Any CPU
		{80CCE2EE-9317-40F3-A4E8-BFF6D68993D4}.Debug|Any CPU.Build.0 = Debug|Any CPU
		{80CCE2EE-9317-40F3-A4E8-BFF6D68993D4}.Release|Any CPU.ActiveCfg = Release|Any CPU
		{80CCE2EE-9317-40F3-A4E8-BFF6D68993D4}.Release|Any CPU.Build.0 = Release|Any CPU
	EndGlobalSection
	GlobalSection(SolutionProperties) = preSolution
		HideSolutionNode = FALSE
	EndGlobalSection
	GlobalSection(ExtensibilityGlobals) = postSolution
		SolutionGuid = {B62F783F-58F9-44EB-AA23-F741625F5DA4}
	EndGlobalSection
EndGlobal
