
Microsoft Visual Studio Solution File, Format Version 12.00
# Visual Studio Version 17
VisualStudioVersion = 17.9.34607.119
MinimumVisualStudioVersion = 10.0.40219.1
Project("{FAE04EC0-301F-11D3-BF4B-00C04F79EFBC}") = "Exercicio", "Exercicio\Exercicio.csproj", "{61E278FE-C88C-4CC0-A531-C507A035156E}"
EndProject
Global
	GlobalSection(SolutionConfigurationPlatforms) = preSolution
		Debug|Any CPU = Debug|Any CPU
		Release|Any CPU = Release|Any CPU
	EndGlobalSection
	GlobalSection(ProjectConfigurationPlatforms) = postSolution
		{61E278FE-C88C-4CC0-A531-C507A035156E}.Debug|Any CPU.ActiveCfg = Debug|Any CPU
		{61E278FE-C88C-4CC0-A531-C507A035156E}.Debug|Any CPU.Build.0 = Debug|Any CPU
		{61E278FE-C88C-4CC0-A531-C507A035156E}.Release|Any CPU.ActiveCfg = Release|Any CPU
		{61E278FE-C88C-4CC0-A531-C507A035156E}.Release|Any CPU.Build.0 = Release|Any CPU
	EndGlobalSection
	GlobalSection(SolutionProperties) = preSolution
		HideSolutionNode = FALSE
	EndGlobalSection
	GlobalSection(ExtensibilityGlobals) = postSolution
		SolutionGuid = {B95C127C-35A5-4E55-A975-B017A948B767}
	EndGlobalSection
EndGlobal
