
Microsoft Visual Studio Solution File, Format Version 12.00
# Visual Studio Version 17
VisualStudioVersion = 17.13.35919.96 d17.13
MinimumVisualStudioVersion = 10.0.40219.1
Project("{FAE04EC0-301F-11D3-BF4B-00C04F79EFBC}") = "beecrowd1004", "beecrowd1004.csproj", "{AFDCB370-B945-4EEF-8ABD-5B09DA5E302F}"
EndProject
Global
	GlobalSection(SolutionConfigurationPlatforms) = preSolution
		Debug|Any CPU = Debug|Any CPU
		Release|Any CPU = Release|Any CPU
	EndGlobalSection
	GlobalSection(ProjectConfigurationPlatforms) = postSolution
		{AFDCB370-B945-4EEF-8ABD-5B09DA5E302F}.Debug|Any CPU.ActiveCfg = Debug|Any CPU
		{AFDCB370-B945-4EEF-8ABD-5B09DA5E302F}.Debug|Any CPU.Build.0 = Debug|Any CPU
		{AFDCB370-B945-4EEF-8ABD-5B09DA5E302F}.Release|Any CPU.ActiveCfg = Release|Any CPU
		{AFDCB370-B945-4EEF-8ABD-5B09DA5E302F}.Release|Any CPU.Build.0 = Release|Any CPU
	EndGlobalSection
	GlobalSection(SolutionProperties) = preSolution
		HideSolutionNode = FALSE
	EndGlobalSection
	GlobalSection(ExtensibilityGlobals) = postSolution
		SolutionGuid = {5C9EA86E-76BE-452B-9EA7-0F08790240D1}
	EndGlobalSection
EndGlobal
