
Microsoft Visual Studio Solution File, Format Version 12.00
# Visual Studio Version 17
VisualStudioVersion = 17.9.34607.119
MinimumVisualStudioVersion = 10.0.40219.1
Project("{FAE04EC0-301F-11D3-BF4B-00C04F79EFBC}") = "E1070beecrowd", "E1070beecrowd\E1070beecrowd.csproj", "{3AFE3C01-6FF2-4CFF-9A82-1F6966855886}"
EndProject
Global
	GlobalSection(SolutionConfigurationPlatforms) = preSolution
		Debug|Any CPU = Debug|Any CPU
		Release|Any CPU = Release|Any CPU
	EndGlobalSection
	GlobalSection(ProjectConfigurationPlatforms) = postSolution
		{3AFE3C01-6FF2-4CFF-9A82-1F6966855886}.Debug|Any CPU.ActiveCfg = Debug|Any CPU
		{3AFE3C01-6FF2-4CFF-9A82-1F6966855886}.Debug|Any CPU.Build.0 = Debug|Any CPU
		{3AFE3C01-6FF2-4CFF-9A82-1F6966855886}.Release|Any CPU.ActiveCfg = Release|Any CPU
		{3AFE3C01-6FF2-4CFF-9A82-1F6966855886}.Release|Any CPU.Build.0 = Release|Any CPU
	EndGlobalSection
	GlobalSection(SolutionProperties) = preSolution
		HideSolutionNode = FALSE
	EndGlobalSection
	GlobalSection(ExtensibilityGlobals) = postSolution
		SolutionGuid = {E7629DDA-F3D4-4A73-8290-0E5E3468E689}
	EndGlobalSection
EndGlobal
