
Microsoft Visual Studio Solution File, Format Version 12.00
# Visual Studio Version 17
VisualStudioVersion = 17.13.35919.96 d17.13
MinimumVisualStudioVersion = 10.0.40219.1
Project("{FAE04EC0-301F-11D3-BF4B-00C04F79EFBC}") = "beecrowd1012", "beecrowd1012.csproj", "{5D3800D9-DB70-44F8-A72F-1B2705D6FB03}"
EndProject
Global
	GlobalSection(SolutionConfigurationPlatforms) = preSolution
		Debug|Any CPU = Debug|Any CPU
		Release|Any CPU = Release|Any CPU
	EndGlobalSection
	GlobalSection(ProjectConfigurationPlatforms) = postSolution
		{5D3800D9-DB70-44F8-A72F-1B2705D6FB03}.Debug|Any CPU.ActiveCfg = Debug|Any CPU
		{5D3800D9-DB70-44F8-A72F-1B2705D6FB03}.Debug|Any CPU.Build.0 = Debug|Any CPU
		{5D3800D9-DB70-44F8-A72F-1B2705D6FB03}.Release|Any CPU.ActiveCfg = Release|Any CPU
		{5D3800D9-DB70-44F8-A72F-1B2705D6FB03}.Release|Any CPU.Build.0 = Release|Any CPU
	EndGlobalSection
	GlobalSection(SolutionProperties) = preSolution
		HideSolutionNode = FALSE
	EndGlobalSection
	GlobalSection(ExtensibilityGlobals) = postSolution
		SolutionGuid = {B7D6051E-48A6-4F3F-A15B-2ED7411D5FDF}
	EndGlobalSection
EndGlobal
