
Microsoft Visual Studio Solution File, Format Version 12.00
# Visual Studio Version 16
VisualStudioVersion = 16.0.30320.27
MinimumVisualStudioVersion = 10.0.40219.1
Project("{FAE04EC0-301F-11D3-BF4B-00C04F79EFBC}") = "Aula 46 FOR 02", "Aula 46 FOR 02\Aula 46 FOR 02.csproj", "{B33F7415-B54C-4FBF-910F-AAB7DDDEB0E5}"
EndProject
Global
	GlobalSection(SolutionConfigurationPlatforms) = preSolution
		Debug|Any CPU = Debug|Any CPU
		Release|Any CPU = Release|Any CPU
	EndGlobalSection
	GlobalSection(ProjectConfigurationPlatforms) = postSolution
		{B33F7415-B54C-4FBF-910F-AAB7DDDEB0E5}.Debug|Any CPU.ActiveCfg = Debug|Any CPU
		{B33F7415-B54C-4FBF-910F-AAB7DDDEB0E5}.Debug|Any CPU.Build.0 = Debug|Any CPU
		{B33F7415-B54C-4FBF-910F-AAB7DDDEB0E5}.Release|Any CPU.ActiveCfg = Release|Any CPU
		{B33F7415-B54C-4FBF-910F-AAB7DDDEB0E5}.Release|Any CPU.Build.0 = Release|Any CPU
	EndGlobalSection
	GlobalSection(SolutionProperties) = preSolution
		HideSolutionNode = FALSE
	EndGlobalSection
	GlobalSection(ExtensibilityGlobals) = postSolution
		SolutionGuid = {575D66EC-3A05-4D20-97BF-D8F248E7E5AB}
	EndGlobalSection
EndGlobal
