
Microsoft Visual Studio Solution File, Format Version 12.00
# Visual Studio Version 17
VisualStudioVersion = 17.13.35919.96 d17.13
MinimumVisualStudioVersion = 10.0.40219.1
Project("{FAE04EC0-301F-11D3-BF4B-00C04F79EFBC}") = "ProgramApp", "ProgramApp.csproj", "{387A1921-6DD3-4EA5-955E-370A4F110D78}"
EndProject
Global
	GlobalSection(SolutionConfigurationPlatforms) = preSolution
		Debug|Any CPU = Debug|Any CPU
		Release|Any CPU = Release|Any CPU
	EndGlobalSection
	GlobalSection(ProjectConfigurationPlatforms) = postSolution
		{387A1921-6DD3-4EA5-955E-370A4F110D78}.Debug|Any CPU.ActiveCfg = Debug|Any CPU
		{387A1921-6DD3-4EA5-955E-370A4F110D78}.Debug|Any CPU.Build.0 = Debug|Any CPU
		{387A1921-6DD3-4EA5-955E-370A4F110D78}.Release|Any CPU.ActiveCfg = Release|Any CPU
		{387A1921-6DD3-4EA5-955E-370A4F110D78}.Release|Any CPU.Build.0 = Release|Any CPU
	EndGlobalSection
	GlobalSection(SolutionProperties) = preSolution
		HideSolutionNode = FALSE
	EndGlobalSection
	GlobalSection(ExtensibilityGlobals) = postSolution
		SolutionGuid = {13ABCAE6-AA35-4228-A75A-771F5932950A}
	EndGlobalSection
EndGlobal
