
Microsoft Visual Studio Solution File, Format Version 12.00
# Visual Studio Version 17
VisualStudioVersion = 17.9.34607.119
MinimumVisualStudioVersion = 10.0.40219.1
Project("{FAE04EC0-301F-11D3-BF4B-00C04F79EFBC}") = "E1009beecrowd", "E1009beecrowd\E1009beecrowd.csproj", "{8EDE3D58-23F3-4557-ADE0-8DA7CDEC70C6}"
EndProject
Global
	GlobalSection(SolutionConfigurationPlatforms) = preSolution
		Debug|Any CPU = Debug|Any CPU
		Release|Any CPU = Release|Any CPU
	EndGlobalSection
	GlobalSection(ProjectConfigurationPlatforms) = postSolution
		{8EDE3D58-23F3-4557-ADE0-8DA7CDEC70C6}.Debug|Any CPU.ActiveCfg = Debug|Any CPU
		{8EDE3D58-23F3-4557-ADE0-8DA7CDEC70C6}.Debug|Any CPU.Build.0 = Debug|Any CPU
		{8EDE3D58-23F3-4557-ADE0-8DA7CDEC70C6}.Release|Any CPU.ActiveCfg = Release|Any CPU
		{8EDE3D58-23F3-4557-ADE0-8DA7CDEC70C6}.Release|Any CPU.Build.0 = Release|Any CPU
	EndGlobalSection
	GlobalSection(SolutionProperties) = preSolution
		HideSolutionNode = FALSE
	EndGlobalSection
	GlobalSection(ExtensibilityGlobals) = postSolution
		SolutionGuid = {0CC45293-110A-4A44-911F-9B98DC1D4E4A}
	EndGlobalSection
EndGlobal
