
Microsoft Visual Studio Solution File, Format Version 12.00
# Visual Studio Version 16
VisualStudioVersion = 16.0.30804.86
MinimumVisualStudioVersion = 10.0.40219.1
Project("{FAE04EC0-301F-11D3-BF4B-00C04F79EFBC}") = "Exercício URI 1042", "Exercício URI 1042\Exercício URI 1042.csproj", "{E2546DCC-3A82-4E1A-91F0-C5F01E52FEEA}"
EndProject
Global
	GlobalSection(SolutionConfigurationPlatforms) = preSolution
		Debug|Any CPU = Debug|Any CPU
		Release|Any CPU = Release|Any CPU
	EndGlobalSection
	GlobalSection(ProjectConfigurationPlatforms) = postSolution
		{E2546DCC-3A82-4E1A-91F0-C5F01E52FEEA}.Debug|Any CPU.ActiveCfg = Debug|Any CPU
		{E2546DCC-3A82-4E1A-91F0-C5F01E52FEEA}.Debug|Any CPU.Build.0 = Debug|Any CPU
		{E2546DCC-3A82-4E1A-91F0-C5F01E52FEEA}.Release|Any CPU.ActiveCfg = Release|Any CPU
		{E2546DCC-3A82-4E1A-91F0-C5F01E52FEEA}.Release|Any CPU.Build.0 = Release|Any CPU
	EndGlobalSection
	GlobalSection(SolutionProperties) = preSolution
		HideSolutionNode = FALSE
	EndGlobalSection
	GlobalSection(ExtensibilityGlobals) = postSolution
		SolutionGuid = {7F5BB5A4-4319-4F5C-BA8C-A9C52E427F69}
	EndGlobalSection
EndGlobal
