Microsoft Visual Studio Solution File, Format Version 12.00
# Visual Studio Version 17
VisualStudioVersion = 17.5.2.0
MinimumVisualStudioVersion = 10.0.40219.1
Project("{FAE04EC0-301F-11D3-BF4B-00C04F79EFBC}") = "01 Variaveis e tipos - Aula 13", "01 Variaveis e tipos - Aula 13.csproj", "{003308E6-C5CE-2779-6662-DBD6D49C136F}"
EndProject
Global
	GlobalSection(SolutionConfigurationPlatforms) = preSolution
		Debug|Any CPU = Debug|Any CPU
		Release|Any CPU = Release|Any CPU
	EndGlobalSection
	GlobalSection(ProjectConfigurationPlatforms) = postSolution
		{003308E6-C5CE-2779-6662-DBD6D49C136F}.Debug|Any CPU.ActiveCfg = Debug|Any CPU
		{003308E6-C5CE-2779-6662-DBD6D49C136F}.Debug|Any CPU.Build.0 = Debug|Any CPU
		{003308E6-C5CE-2779-6662-DBD6D49C136F}.Release|Any CPU.ActiveCfg = Release|Any CPU
		{003308E6-C5CE-2779-6662-DBD6D49C136F}.Release|Any CPU.Build.0 = Release|Any CPU
	EndGlobalSection
	GlobalSection(SolutionProperties) = preSolution
		HideSolutionNode = FALSE
	EndGlobalSection
	GlobalSection(ExtensibilityGlobals) = postSolution
		SolutionGuid = {1A78EAA3-145C-43F9-B052-122C338FF5ED}
	EndGlobalSection
EndGlobal
