
Microsoft Visual Studio Solution File, Format Version 12.00
# Visual Studio Version 16
VisualStudioVersion = 16.0.31605.320
MinimumVisualStudioVersion = 10.0.40219.1
Project("{FAE04EC0-301F-11D3-BF4B-00C04F79EFBC}") = "URI1040", "URI1040\URI1040.csproj", "{F629F0E7-24CB-4DAC-BE26-7C3780E21066}"
EndProject
Global
	GlobalSection(SolutionConfigurationPlatforms) = preSolution
		Debug|Any CPU = Debug|Any CPU
		Release|Any CPU = Release|Any CPU
	EndGlobalSection
	GlobalSection(ProjectConfigurationPlatforms) = postSolution
		{F629F0E7-24CB-4DAC-BE26-7C3780E21066}.Debug|Any CPU.ActiveCfg = Debug|Any CPU
		{F629F0E7-24CB-4DAC-BE26-7C3780E21066}.Debug|Any CPU.Build.0 = Debug|Any CPU
		{F629F0E7-24CB-4DAC-BE26-7C3780E21066}.Release|Any CPU.ActiveCfg = Release|Any CPU
		{F629F0E7-24CB-4DAC-BE26-7C3780E21066}.Release|Any CPU.Build.0 = Release|Any CPU
	EndGlobalSection
	GlobalSection(SolutionProperties) = preSolution
		HideSolutionNode = FALSE
	EndGlobalSection
	GlobalSection(ExtensibilityGlobals) = postSolution
		SolutionGuid = {A87E4957-060F-4C4C-9E0B-A725B8130E3B}
	EndGlobalSection
EndGlobal
