
Microsoft Visual Studio Solution File, Format Version 12.00
# Visual Studio Version 16
VisualStudioVersion = 16.0.31515.178
MinimumVisualStudioVersion = 10.0.40219.1
Project("{FAE04EC0-301F-11D3-BF4B-00C04F79EFBC}") = "URI1061", "URI1061\URI1061.csproj", "{08ED461D-B6ED-475D-8D4B-26EBBBAAD9EE}"
EndProject
Global
	GlobalSection(SolutionConfigurationPlatforms) = preSolution
		Debug|Any CPU = Debug|Any CPU
		Release|Any CPU = Release|Any CPU
	EndGlobalSection
	GlobalSection(ProjectConfigurationPlatforms) = postSolution
		{08ED461D-B6ED-475D-8D4B-26EBBBAAD9EE}.Debug|Any CPU.ActiveCfg = Debug|Any CPU
		{08ED461D-B6ED-475D-8D4B-26EBBBAAD9EE}.Debug|Any CPU.Build.0 = Debug|Any CPU
		{08ED461D-B6ED-475D-8D4B-26EBBBAAD9EE}.Release|Any CPU.ActiveCfg = Release|Any CPU
		{08ED461D-B6ED-475D-8D4B-26EBBBAAD9EE}.Release|Any CPU.Build.0 = Release|Any CPU
	EndGlobalSection
	GlobalSection(SolutionProperties) = preSolution
		HideSolutionNode = FALSE
	EndGlobalSection
	GlobalSection(ExtensibilityGlobals) = postSolution
		SolutionGuid = {D9E5BC9A-3A71-4DF5-BCC2-821CC22E5D81}
	EndGlobalSection
EndGlobal
