
Microsoft Visual Studio Solution File, Format Version 12.00
# Visual Studio Version 16
VisualStudioVersion = 16.0.30804.86
MinimumVisualStudioVersion = 10.0.40219.1
Project("{FAE04EC0-301F-11D3-BF4B-00C04F79EFBC}") = "Exercício URI 1045", "Exercício URI 1045\Exercício URI 1045.csproj", "{FE1400E4-A58A-44E5-B77B-79B56A6A6D27}"
EndProject
Global
	GlobalSection(SolutionConfigurationPlatforms) = preSolution
		Debug|Any CPU = Debug|Any CPU
		Release|Any CPU = Release|Any CPU
	EndGlobalSection
	GlobalSection(ProjectConfigurationPlatforms) = postSolution
		{FE1400E4-A58A-44E5-B77B-79B56A6A6D27}.Debug|Any CPU.ActiveCfg = Debug|Any CPU
		{FE1400E4-A58A-44E5-B77B-79B56A6A6D27}.Debug|Any CPU.Build.0 = Debug|Any CPU
		{FE1400E4-A58A-44E5-B77B-79B56A6A6D27}.Release|Any CPU.ActiveCfg = Release|Any CPU
		{FE1400E4-A58A-44E5-B77B-79B56A6A6D27}.Release|Any CPU.Build.0 = Release|Any CPU
	EndGlobalSection
	GlobalSection(SolutionProperties) = preSolution
		HideSolutionNode = FALSE
	EndGlobalSection
	GlobalSection(ExtensibilityGlobals) = postSolution
		SolutionGuid = {73711DB8-940C-485E-9144-1E54C31641B8}
	EndGlobalSection
EndGlobal
