Microsoft Visual Studio Solution File, Format Version 12.00
# Visual Studio Version 17
VisualStudioVersion = 17.5.2.0
MinimumVisualStudioVersion = 10.0.40219.1
Project("{FAE04EC0-301F-11D3-BF4B-00C04F79EFBC}") = "Parte 02 - Aula 06", "Parte 02 - Aula 06.csproj", "{020C941B-6BAE-4C39-826C-6BD653444F6D}"
EndProject
Global
	GlobalSection(SolutionConfigurationPlatforms) = preSolution
		Debug|Any CPU = Debug|Any CPU
		Release|Any CPU = Release|Any CPU
	EndGlobalSection
	GlobalSection(ProjectConfigurationPlatforms) = postSolution
		{020C941B-6BAE-4C39-826C-6BD653444F6D}.Debug|Any CPU.ActiveCfg = Debug|Any CPU
		{020C941B-6BAE-4C39-826C-6BD653444F6D}.Debug|Any CPU.Build.0 = Debug|Any CPU
		{020C941B-6BAE-4C39-826C-6BD653444F6D}.Release|Any CPU.ActiveCfg = Release|Any CPU
		{020C941B-6BAE-4C39-826C-6BD653444F6D}.Release|Any CPU.Build.0 = Release|Any CPU
	EndGlobalSection
	GlobalSection(SolutionProperties) = preSolution
		HideSolutionNode = FALSE
	EndGlobalSection
	GlobalSection(ExtensibilityGlobals) = postSolution
		SolutionGuid = {86AD5458-2594-469C-AE01-F1DA022DDC2C}
	EndGlobalSection
EndGlobal
