
Microsoft Visual Studio Solution File, Format Version 12.00
# Visual Studio Version 17
VisualStudioVersion = 17.13.35919.96 d17.13
MinimumVisualStudioVersion = 10.0.40219.1
Project("{FAE04EC0-301F-11D3-BF4B-00C04F79EFBC}") = "beecrowd1002", "beecrowd1002.csproj", "{36F943CB-D30B-4D09-BB3F-72335E3DAA99}"
EndProject
Global
	GlobalSection(SolutionConfigurationPlatforms) = preSolution
		Debug|Any CPU = Debug|Any CPU
		Release|Any CPU = Release|Any CPU
	EndGlobalSection
	GlobalSection(ProjectConfigurationPlatforms) = postSolution
		{36F943CB-D30B-4D09-BB3F-72335E3DAA99}.Debug|Any CPU.ActiveCfg = Debug|Any CPU
		{36F943CB-D30B-4D09-BB3F-72335E3DAA99}.Debug|Any CPU.Build.0 = Debug|Any CPU
		{36F943CB-D30B-4D09-BB3F-72335E3DAA99}.Release|Any CPU.ActiveCfg = Release|Any CPU
		{36F943CB-D30B-4D09-BB3F-72335E3DAA99}.Release|Any CPU.Build.0 = Release|Any CPU
	EndGlobalSection
	GlobalSection(SolutionProperties) = preSolution
		HideSolutionNode = FALSE
	EndGlobalSection
	GlobalSection(ExtensibilityGlobals) = postSolution
		SolutionGuid = {E0DB90ED-7759-457F-89EA-FCC0F423D1EC}
	EndGlobalSection
EndGlobal
