
Microsoft Visual Studio Solution File, Format Version 12.00
# Visual Studio Version 17
VisualStudioVersion = 17.13.35919.96 d17.13
MinimumVisualStudioVersion = 10.0.40219.1
Project("{FAE04EC0-301F-11D3-BF4B-00C04F79EFBC}") = "beecrowd1011", "beecrowd1011.csproj", "{73B09E37-A920-48E9-96DE-9804D460AF38}"
EndProject
Global
	GlobalSection(SolutionConfigurationPlatforms) = preSolution
		Debug|Any CPU = Debug|Any CPU
		Release|Any CPU = Release|Any CPU
	EndGlobalSection
	GlobalSection(ProjectConfigurationPlatforms) = postSolution
		{73B09E37-A920-48E9-96DE-9804D460AF38}.Debug|Any CPU.ActiveCfg = Debug|Any CPU
		{73B09E37-A920-48E9-96DE-9804D460AF38}.Debug|Any CPU.Build.0 = Debug|Any CPU
		{73B09E37-A920-48E9-96DE-9804D460AF38}.Release|Any CPU.ActiveCfg = Release|Any CPU
		{73B09E37-A920-48E9-96DE-9804D460AF38}.Release|Any CPU.Build.0 = Release|Any CPU
	EndGlobalSection
	GlobalSection(SolutionProperties) = preSolution
		HideSolutionNode = FALSE
	EndGlobalSection
	GlobalSection(ExtensibilityGlobals) = postSolution
		SolutionGuid = {508A554A-5228-434B-86D8-2125C5FC34E4}
	EndGlobalSection
EndGlobal
