
Microsoft Visual Studio Solution File, Format Version 12.00
# Visual Studio Version 17
VisualStudioVersion = 17.9.34607.119
MinimumVisualStudioVersion = 10.0.40219.1
Project("{FAE04EC0-301F-11D3-BF4B-00C04F79EFBC}") = "E1040beecrowd", "E1040beecrowd\E1040beecrowd.csproj", "{8B60794F-C804-416B-A210-C5563FD6A58B}"
EndProject
Global
	GlobalSection(SolutionConfigurationPlatforms) = preSolution
		Debug|Any CPU = Debug|Any CPU
		Release|Any CPU = Release|Any CPU
	EndGlobalSection
	GlobalSection(ProjectConfigurationPlatforms) = postSolution
		{8B60794F-C804-416B-A210-C5563FD6A58B}.Debug|Any CPU.ActiveCfg = Debug|Any CPU
		{8B60794F-C804-416B-A210-C5563FD6A58B}.Debug|Any CPU.Build.0 = Debug|Any CPU
		{8B60794F-C804-416B-A210-C5563FD6A58B}.Release|Any CPU.ActiveCfg = Release|Any CPU
		{8B60794F-C804-416B-A210-C5563FD6A58B}.Release|Any CPU.Build.0 = Release|Any CPU
	EndGlobalSection
	GlobalSection(SolutionProperties) = preSolution
		HideSolutionNode = FALSE
	EndGlobalSection
	GlobalSection(ExtensibilityGlobals) = postSolution
		SolutionGuid = {A3C99FD6-A3B6-4697-97B3-6A44DB90CB71}
	EndGlobalSection
EndGlobal
