
Microsoft Visual Studio Solution File, Format Version 12.00
# Visual Studio Version 16
VisualStudioVersion = 16.0.31515.178
MinimumVisualStudioVersion = 10.0.40219.1
Project("{FAE04EC0-301F-11D3-BF4B-00C04F79EFBC}") = "URI1018", "URI1018\URI1018.csproj", "{5440FB5A-C90D-459A-9B38-02062F131E77}"
EndProject
Global
	GlobalSection(SolutionConfigurationPlatforms) = preSolution
		Debug|Any CPU = Debug|Any CPU
		Release|Any CPU = Release|Any CPU
	EndGlobalSection
	GlobalSection(ProjectConfigurationPlatforms) = postSolution
		{5440FB5A-C90D-459A-9B38-02062F131E77}.Debug|Any CPU.ActiveCfg = Debug|Any CPU
		{5440FB5A-C90D-459A-9B38-02062F131E77}.Debug|Any CPU.Build.0 = Debug|Any CPU
		{5440FB5A-C90D-459A-9B38-02062F131E77}.Release|Any CPU.ActiveCfg = Release|Any CPU
		{5440FB5A-C90D-459A-9B38-02062F131E77}.Release|Any CPU.Build.0 = Release|Any CPU
	EndGlobalSection
	GlobalSection(SolutionProperties) = preSolution
		HideSolutionNode = FALSE
	EndGlobalSection
	GlobalSection(ExtensibilityGlobals) = postSolution
		SolutionGuid = {A49E43DB-46AC-4182-95A5-7C915A7D285C}
	EndGlobalSection
EndGlobal
