
Microsoft Visual Studio Solution File, Format Version 12.00
# Visual Studio Version 16
VisualStudioVersion = 16.0.30406.217
MinimumVisualStudioVersion = 10.0.40219.1
Project("{FAE04EC0-301F-11D3-BF4B-00C04F79EFBC}") = "Aula59ExercicioResolvido03VetoresETabelas", "Aula59ExercicioResolvido03VetoresETabelas\Aula59ExercicioResolvido03VetoresETabelas.csproj", "{53B13FD7-2087-4B74-95F6-75C26FBDA0A1}"
EndProject
Global
	GlobalSection(SolutionConfigurationPlatforms) = preSolution
		Debug|Any CPU = Debug|Any CPU
		Release|Any CPU = Release|Any CPU
	EndGlobalSection
	GlobalSection(ProjectConfigurationPlatforms) = postSolution
		{53B13FD7-2087-4B74-95F6-75C26FBDA0A1}.Debug|Any CPU.ActiveCfg = Debug|Any CPU
		{53B13FD7-2087-4B74-95F6-75C26FBDA0A1}.Debug|Any CPU.Build.0 = Debug|Any CPU
		{53B13FD7-2087-4B74-95F6-75C26FBDA0A1}.Release|Any CPU.ActiveCfg = Release|Any CPU
		{53B13FD7-2087-4B74-95F6-75C26FBDA0A1}.Release|Any CPU.Build.0 = Release|Any CPU
	EndGlobalSection
	GlobalSection(SolutionProperties) = preSolution
		HideSolutionNode = FALSE
	EndGlobalSection
	GlobalSection(ExtensibilityGlobals) = postSolution
		SolutionGuid = {6666B554-255A-4D1F-9553-B8D5A5414F34}
	EndGlobalSection
EndGlobal
