
Microsoft Visual Studio Solution File, Format Version 12.00
# Visual Studio Version 17
VisualStudioVersion = 17.9.34607.119
MinimumVisualStudioVersion = 10.0.40219.1
Project("{FAE04EC0-301F-11D3-BF4B-00C04F79EFBC}") = "Exercicio02", "Exercicio02\Exercicio02.csproj", "{1893CB07-5BCC-4084-ADF9-109B8104FAB6}"
EndProject
Global
	GlobalSection(SolutionConfigurationPlatforms) = preSolution
		Debug|Any CPU = Debug|Any CPU
		Release|Any CPU = Release|Any CPU
	EndGlobalSection
	GlobalSection(ProjectConfigurationPlatforms) = postSolution
		{1893CB07-5BCC-4084-ADF9-109B8104FAB6}.Debug|Any CPU.ActiveCfg = Debug|Any CPU
		{1893CB07-5BCC-4084-ADF9-109B8104FAB6}.Debug|Any CPU.Build.0 = Debug|Any CPU
		{1893CB07-5BCC-4084-ADF9-109B8104FAB6}.Release|Any CPU.ActiveCfg = Release|Any CPU
		{1893CB07-5BCC-4084-ADF9-109B8104FAB6}.Release|Any CPU.Build.0 = Release|Any CPU
	EndGlobalSection
	GlobalSection(SolutionProperties) = preSolution
		HideSolutionNode = FALSE
	EndGlobalSection
	GlobalSection(ExtensibilityGlobals) = postSolution
		SolutionGuid = {C702EC23-C77F-4BF5-BDA6-03C2013463C6}
	EndGlobalSection
EndGlobal
