
Microsoft Visual Studio Solution File, Format Version 12.00
# Visual Studio Version 16
VisualStudioVersion = 16.0.30804.86
MinimumVisualStudioVersion = 10.0.40219.1
Project("{FAE04EC0-301F-11D3-BF4B-00C04F79EFBC}") = "Exercicio Revisando URI 1019", "Exercicio Revisando URI 1019\Exercicio Revisando URI 1019.csproj", "{75E66D0E-1AF2-4126-B783-484A2F414F7A}"
EndProject
Global
	GlobalSection(SolutionConfigurationPlatforms) = preSolution
		Debug|Any CPU = Debug|Any CPU
		Release|Any CPU = Release|Any CPU
	EndGlobalSection
	GlobalSection(ProjectConfigurationPlatforms) = postSolution
		{75E66D0E-1AF2-4126-B783-484A2F414F7A}.Debug|Any CPU.ActiveCfg = Debug|Any CPU
		{75E66D0E-1AF2-4126-B783-484A2F414F7A}.Debug|Any CPU.Build.0 = Debug|Any CPU
		{75E66D0E-1AF2-4126-B783-484A2F414F7A}.Release|Any CPU.ActiveCfg = Release|Any CPU
		{75E66D0E-1AF2-4126-B783-484A2F414F7A}.Release|Any CPU.Build.0 = Release|Any CPU
	EndGlobalSection
	GlobalSection(SolutionProperties) = preSolution
		HideSolutionNode = FALSE
	EndGlobalSection
	GlobalSection(ExtensibilityGlobals) = postSolution
		SolutionGuid = {2714504B-FAE4-49E3-9CA1-1BEB6DAA5EF4}
	EndGlobalSection
EndGlobal
