
Microsoft Visual Studio Solution File, Format Version 12.00
# Visual Studio Version 17
VisualStudioVersion = 17.9.34622.214
MinimumVisualStudioVersion = 10.0.40219.1
Project("{FAE04EC0-301F-11D3-BF4B-00C04F79EFBC}") = "exercicio01", "exercicio01\exercicio01.csproj", "{79E35BC2-A9C2-42BB-B411-50A221A5E902}"
EndProject
Global
	GlobalSection(SolutionConfigurationPlatforms) = preSolution
		Debug|Any CPU = Debug|Any CPU
		Release|Any CPU = Release|Any CPU
	EndGlobalSection
	GlobalSection(ProjectConfigurationPlatforms) = postSolution
		{79E35BC2-A9C2-42BB-B411-50A221A5E902}.Debug|Any CPU.ActiveCfg = Debug|Any CPU
		{79E35BC2-A9C2-42BB-B411-50A221A5E902}.Debug|Any CPU.Build.0 = Debug|Any CPU
		{79E35BC2-A9C2-42BB-B411-50A221A5E902}.Release|Any CPU.ActiveCfg = Release|Any CPU
		{79E35BC2-A9C2-42BB-B411-50A221A5E902}.Release|Any CPU.Build.0 = Release|Any CPU
	EndGlobalSection
	GlobalSection(SolutionProperties) = preSolution
		HideSolutionNode = FALSE
	EndGlobalSection
	GlobalSection(ExtensibilityGlobals) = postSolution
		SolutionGuid = {38CB67CE-52A1-4C50-87BD-6D150D49669A}
	EndGlobalSection
EndGlobal
