Microsoft Visual Studio Solution File, Format Version 12.00
# Visual Studio Version 17
VisualStudioVersion = 17.5.2.0
MinimumVisualStudioVersion = 10.0.40219.1
Project("{FAE04EC0-301F-11D3-BF4B-00C04F79EFBC}") = "Parte 04 Aula 04", "Parte 04 Aula 04.csproj", "{CA45B9EE-A6D4-5CB6-09C5-69C67E6C5363}"
EndProject
Global
	GlobalSection(SolutionConfigurationPlatforms) = preSolution
		Debug|Any CPU = Debug|Any CPU
		Release|Any CPU = Release|Any CPU
	EndGlobalSection
	GlobalSection(ProjectConfigurationPlatforms) = postSolution
		{CA45B9EE-A6D4-5CB6-09C5-69C67E6C5363}.Debug|Any CPU.ActiveCfg = Debug|Any CPU
		{CA45B9EE-A6D4-5CB6-09C5-69C67E6C5363}.Debug|Any CPU.Build.0 = Debug|Any CPU
		{CA45B9EE-A6D4-5CB6-09C5-69C67E6C5363}.Release|Any CPU.ActiveCfg = Release|Any CPU
		{CA45B9EE-A6D4-5CB6-09C5-69C67E6C5363}.Release|Any CPU.Build.0 = Release|Any CPU
	EndGlobalSection
	GlobalSection(SolutionProperties) = preSolution
		HideSolutionNode = FALSE
	EndGlobalSection
	GlobalSection(ExtensibilityGlobals) = postSolution
		SolutionGuid = {6F59687A-C93B-4FAB-A26B-D3AFB953F647}
	EndGlobalSection
EndGlobal
