
Microsoft Visual Studio Solution File, Format Version 12.00
# Visual Studio Version 17
VisualStudioVersion = 17.9.34607.119
MinimumVisualStudioVersion = 10.0.40219.1
Project("{FAE04EC0-301F-11D3-BF4B-00C04F79EFBC}") = "E1008beecrowd", "E1008beecrowd\E1008beecrowd.csproj", "{8060C824-D945-4399-BA9B-DA802A934E1F}"
EndProject
Global
	GlobalSection(SolutionConfigurationPlatforms) = preSolution
		Debug|Any CPU = Debug|Any CPU
		Release|Any CPU = Release|Any CPU
	EndGlobalSection
	GlobalSection(ProjectConfigurationPlatforms) = postSolution
		{8060C824-D945-4399-BA9B-DA802A934E1F}.Debug|Any CPU.ActiveCfg = Debug|Any CPU
		{8060C824-D945-4399-BA9B-DA802A934E1F}.Debug|Any CPU.Build.0 = Debug|Any CPU
		{8060C824-D945-4399-BA9B-DA802A934E1F}.Release|Any CPU.ActiveCfg = Release|Any CPU
		{8060C824-D945-4399-BA9B-DA802A934E1F}.Release|Any CPU.Build.0 = Release|Any CPU
	EndGlobalSection
	GlobalSection(SolutionProperties) = preSolution
		HideSolutionNode = FALSE
	EndGlobalSection
	GlobalSection(ExtensibilityGlobals) = postSolution
		SolutionGuid = {43894294-7E29-4737-8A35-B9E7253D9361}
	EndGlobalSection
EndGlobal
