
Microsoft Visual Studio Solution File, Format Version 12.00
# Visual Studio Version 16
VisualStudioVersion = 16.0.30611.23
MinimumVisualStudioVersion = 10.0.40219.1
Project("{FAE04EC0-301F-11D3-BF4B-00C04F79EFBC}") = "Aula 45 Exercicio 03", "Aula 45 Exercicio 03\Aula 45 Exercicio 03.csproj", "{1A8DDE16-6723-4A4C-981D-EFF79F4ABCD5}"
EndProject
Global
	GlobalSection(SolutionConfigurationPlatforms) = preSolution
		Debug|Any CPU = Debug|Any CPU
		Release|Any CPU = Release|Any CPU
	EndGlobalSection
	GlobalSection(ProjectConfigurationPlatforms) = postSolution
		{1A8DDE16-6723-4A4C-981D-EFF79F4ABCD5}.Debug|Any CPU.ActiveCfg = Debug|Any CPU
		{1A8DDE16-6723-4A4C-981D-EFF79F4ABCD5}.Debug|Any CPU.Build.0 = Debug|Any CPU
		{1A8DDE16-6723-4A4C-981D-EFF79F4ABCD5}.Release|Any CPU.ActiveCfg = Release|Any CPU
		{1A8DDE16-6723-4A4C-981D-EFF79F4ABCD5}.Release|Any CPU.Build.0 = Release|Any CPU
	EndGlobalSection
	GlobalSection(SolutionProperties) = preSolution
		HideSolutionNode = FALSE
	EndGlobalSection
	GlobalSection(ExtensibilityGlobals) = postSolution
		SolutionGuid = {0D57FCE6-4533-4BE2-8900-5CBA9C9213AE}
	EndGlobalSection
EndGlobal
