
Microsoft Visual Studio Solution File, Format Version 12.00
# Visual Studio Version 16
VisualStudioVersion = 16.0.30804.86
MinimumVisualStudioVersion = 10.0.40219.1
Project("{FAE04EC0-301F-11D3-BF4B-00C04F79EFBC}") = "Revisando URI 1020", "Revisando URI 1020\Revisando URI 1020.csproj", "{14EC13C0-9C65-436E-AB7B-DA48E5B73249}"
EndProject
Global
	GlobalSection(SolutionConfigurationPlatforms) = preSolution
		Debug|Any CPU = Debug|Any CPU
		Release|Any CPU = Release|Any CPU
	EndGlobalSection
	GlobalSection(ProjectConfigurationPlatforms) = postSolution
		{14EC13C0-9C65-436E-AB7B-DA48E5B73249}.Debug|Any CPU.ActiveCfg = Debug|Any CPU
		{14EC13C0-9C65-436E-AB7B-DA48E5B73249}.Debug|Any CPU.Build.0 = Debug|Any CPU
		{14EC13C0-9C65-436E-AB7B-DA48E5B73249}.Release|Any CPU.ActiveCfg = Release|Any CPU
		{14EC13C0-9C65-436E-AB7B-DA48E5B73249}.Release|Any CPU.Build.0 = Release|Any CPU
	EndGlobalSection
	GlobalSection(SolutionProperties) = preSolution
		HideSolutionNode = FALSE
	EndGlobalSection
	GlobalSection(ExtensibilityGlobals) = postSolution
		SolutionGuid = {DAD42ECD-9729-401C-94B0-6A38A86F1C50}
	EndGlobalSection
EndGlobal
