Microsoft Visual Studio Solution File, Format Version 12.00
# Visual Studio Version 17
VisualStudioVersion = 17.5.2.0
MinimumVisualStudioVersion = 10.0.40219.1
Project("{FAE04EC0-301F-11D3-BF4B-00C04F79EFBC}") = "Parte 01 - Aula 10", "Parte 01 - Aula 10.csproj", "{779CC784-ADDA-299F-C371-E3EB0B58ACD0}"
EndProject
Global
	GlobalSection(SolutionConfigurationPlatforms) = preSolution
		Debug|Any CPU = Debug|Any CPU
		Release|Any CPU = Release|Any CPU
	EndGlobalSection
	GlobalSection(ProjectConfigurationPlatforms) = postSolution
		{779CC784-ADDA-299F-C371-E3EB0B58ACD0}.Debug|Any CPU.ActiveCfg = Debug|Any CPU
		{779CC784-ADDA-299F-C371-E3EB0B58ACD0}.Debug|Any CPU.Build.0 = Debug|Any CPU
		{779CC784-ADDA-299F-C371-E3EB0B58ACD0}.Release|Any CPU.ActiveCfg = Release|Any CPU
		{779CC784-ADDA-299F-C371-E3EB0B58ACD0}.Release|Any CPU.Build.0 = Release|Any CPU
	EndGlobalSection
	GlobalSection(SolutionProperties) = preSolution
		HideSolutionNode = FALSE
	EndGlobalSection
	GlobalSection(ExtensibilityGlobals) = postSolution
		SolutionGuid = {38DFE8C0-C5D0-4004-9980-F7ECA82257A4}
	EndGlobalSection
EndGlobal
