
Microsoft Visual Studio Solution File, Format Version 12.00
# Visual Studio Version 16
VisualStudioVersion = 16.0.30804.86
MinimumVisualStudioVersion = 10.0.40219.1
Project("{FAE04EC0-301F-11D3-BF4B-00C04F79EFBC}") = "Program1", "Program1\Program1.csproj", "{61A70ECE-DF1B-4041-9029-574EED949A0C}"
EndProject
Global
	GlobalSection(SolutionConfigurationPlatforms) = preSolution
		Debug|Any CPU = Debug|Any CPU
		Release|Any CPU = Release|Any CPU
	EndGlobalSection
	GlobalSection(ProjectConfigurationPlatforms) = postSolution
		{61A70ECE-DF1B-4041-9029-574EED949A0C}.Debug|Any CPU.ActiveCfg = Debug|Any CPU
		{61A70ECE-DF1B-4041-9029-574EED949A0C}.Debug|Any CPU.Build.0 = Debug|Any CPU
		{61A70ECE-DF1B-4041-9029-574EED949A0C}.Release|Any CPU.ActiveCfg = Release|Any CPU
		{61A70ECE-DF1B-4041-9029-574EED949A0C}.Release|Any CPU.Build.0 = Release|Any CPU
	EndGlobalSection
	GlobalSection(SolutionProperties) = preSolution
		HideSolutionNode = FALSE
	EndGlobalSection
	GlobalSection(ExtensibilityGlobals) = postSolution
		SolutionGuid = {19BDF463-DAEA-48A9-BA8C-67C0699E0A3A}
	EndGlobalSection
EndGlobal
