
Microsoft Visual Studio Solution File, Format Version 12.00
# Visual Studio Version 17
VisualStudioVersion = 17.9.34622.214
MinimumVisualStudioVersion = 10.0.40219.1
Project("{FAE04EC0-301F-11D3-BF4B-00C04F79EFBC}") = "Exercício1001beecrowd", "Exercício1001beecrowd\Exercício1001beecrowd.csproj", "{E0C5624A-F006-4082-82A7-55A9215EBF33}"
EndProject
Global
	GlobalSection(SolutionConfigurationPlatforms) = preSolution
		Debug|Any CPU = Debug|Any CPU
		Release|Any CPU = Release|Any CPU
	EndGlobalSection
	GlobalSection(ProjectConfigurationPlatforms) = postSolution
		{E0C5624A-F006-4082-82A7-55A9215EBF33}.Debug|Any CPU.ActiveCfg = Debug|Any CPU
		{E0C5624A-F006-4082-82A7-55A9215EBF33}.Debug|Any CPU.Build.0 = Debug|Any CPU
		{E0C5624A-F006-4082-82A7-55A9215EBF33}.Release|Any CPU.ActiveCfg = Release|Any CPU
		{E0C5624A-F006-4082-82A7-55A9215EBF33}.Release|Any CPU.Build.0 = Release|Any CPU
	EndGlobalSection
	GlobalSection(SolutionProperties) = preSolution
		HideSolutionNode = FALSE
	EndGlobalSection
	GlobalSection(ExtensibilityGlobals) = postSolution
		SolutionGuid = {772B6FC2-7D86-4963-82AC-705DB6F79F6A}
	EndGlobalSection
EndGlobal
