Microsoft Visual Studio Solution File, Format Version 12.00
# Visual Studio Version 17
VisualStudioVersion = 17.5.2.0
MinimumVisualStudioVersion = 10.0.40219.1
Project("{FAE04EC0-301F-11D3-BF4B-00C04F79EFBC}") = "Parte 02 - Aula 05", "Parte 02 - Aula 05.csproj", "{288F0D65-589E-C08C-5D95-A4A62FB238A5}"
EndProject
Global
	GlobalSection(SolutionConfigurationPlatforms) = preSolution
		Debug|Any CPU = Debug|Any CPU
		Release|Any CPU = Release|Any CPU
	EndGlobalSection
	GlobalSection(ProjectConfigurationPlatforms) = postSolution
		{288F0D65-589E-C08C-5D95-A4A62FB238A5}.Debug|Any CPU.ActiveCfg = Debug|Any CPU
		{288F0D65-589E-C08C-5D95-A4A62FB238A5}.Debug|Any CPU.Build.0 = Debug|Any CPU
		{288F0D65-589E-C08C-5D95-A4A62FB238A5}.Release|Any CPU.ActiveCfg = Release|Any CPU
		{288F0D65-589E-C08C-5D95-A4A62FB238A5}.Release|Any CPU.Build.0 = Release|Any CPU
	EndGlobalSection
	GlobalSection(SolutionProperties) = preSolution
		HideSolutionNode = FALSE
	EndGlobalSection
	GlobalSection(ExtensibilityGlobals) = postSolution
		SolutionGuid = {EE451B07-1B93-458E-91D8-803B3EE5F29F}
	EndGlobalSection
EndGlobal
