
Microsoft Visual Studio Solution File, Format Version 12.00
# Visual Studio Version 17
VisualStudioVersion = 17.13.35919.96 d17.13
MinimumVisualStudioVersion = 10.0.40219.1
Project("{FAE04EC0-301F-11D3-BF4B-00C04F79EFBC}") = "02Exercicios", "02Exercicios.csproj", "{35870FE6-2361-46A3-8516-7859248C256D}"
EndProject
Global
	GlobalSection(SolutionConfigurationPlatforms) = preSolution
		Debug|Any CPU = Debug|Any CPU
		Release|Any CPU = Release|Any CPU
	EndGlobalSection
	GlobalSection(ProjectConfigurationPlatforms) = postSolution
		{35870FE6-2361-46A3-8516-7859248C256D}.Debug|Any CPU.ActiveCfg = Debug|Any CPU
		{35870FE6-2361-46A3-8516-7859248C256D}.Debug|Any CPU.Build.0 = Debug|Any CPU
		{35870FE6-2361-46A3-8516-7859248C256D}.Release|Any CPU.ActiveCfg = Release|Any CPU
		{35870FE6-2361-46A3-8516-7859248C256D}.Release|Any CPU.Build.0 = Release|Any CPU
	EndGlobalSection
	GlobalSection(SolutionProperties) = preSolution
		HideSolutionNode = FALSE
	EndGlobalSection
	GlobalSection(ExtensibilityGlobals) = postSolution
		SolutionGuid = {FC60F99A-21C3-4975-94E8-5D8178B4A59A}
	EndGlobalSection
EndGlobal
