
Microsoft Visual Studio Solution File, Format Version 12.00
# Visual Studio Version 17
VisualStudioVersion = 17.9.34622.214
MinimumVisualStudioVersion = 10.0.40219.1
Project("{FAE04EC0-301F-11D3-BF4B-00C04F79EFBC}") = "exercicio01", "exercicio01\exercicio01.csproj", "{0114DEB1-46D1-499D-96DC-AD0184ADF387}"
EndProject
Global
	GlobalSection(SolutionConfigurationPlatforms) = preSolution
		Debug|Any CPU = Debug|Any CPU
		Release|Any CPU = Release|Any CPU
	EndGlobalSection
	GlobalSection(ProjectConfigurationPlatforms) = postSolution
		{0114DEB1-46D1-499D-96DC-AD0184ADF387}.Debug|Any CPU.ActiveCfg = Debug|Any CPU
		{0114DEB1-46D1-499D-96DC-AD0184ADF387}.Debug|Any CPU.Build.0 = Debug|Any CPU
		{0114DEB1-46D1-499D-96DC-AD0184ADF387}.Release|Any CPU.ActiveCfg = Release|Any CPU
		{0114DEB1-46D1-499D-96DC-AD0184ADF387}.Release|Any CPU.Build.0 = Release|Any CPU
	EndGlobalSection
	GlobalSection(SolutionProperties) = preSolution
		HideSolutionNode = FALSE
	EndGlobalSection
	GlobalSection(ExtensibilityGlobals) = postSolution
		SolutionGuid = {58B86672-98B2-4F15-84B7-7ABC68A9FCDA}
	EndGlobalSection
EndGlobal
