
Microsoft Visual Studio Solution File, Format Version 12.00
# Visual Studio Version 17
VisualStudioVersion = 17.13.35919.96 d17.13
MinimumVisualStudioVersion = 10.0.40219.1
Project("{FAE04EC0-301F-11D3-BF4B-00C04F79EFBC}") = "beecrowd1008", "beecrowd1008.csproj", "{315DEF07-74E4-4477-AD57-6BA258993CBE}"
EndProject
Global
	GlobalSection(SolutionConfigurationPlatforms) = preSolution
		Debug|Any CPU = Debug|Any CPU
		Release|Any CPU = Release|Any CPU
	EndGlobalSection
	GlobalSection(ProjectConfigurationPlatforms) = postSolution
		{315DEF07-74E4-4477-AD57-6BA258993CBE}.Debug|Any CPU.ActiveCfg = Debug|Any CPU
		{315DEF07-74E4-4477-AD57-6BA258993CBE}.Debug|Any CPU.Build.0 = Debug|Any CPU
		{315DEF07-74E4-4477-AD57-6BA258993CBE}.Release|Any CPU.ActiveCfg = Release|Any CPU
		{315DEF07-74E4-4477-AD57-6BA258993CBE}.Release|Any CPU.Build.0 = Release|Any CPU
	EndGlobalSection
	GlobalSection(SolutionProperties) = preSolution
		HideSolutionNode = FALSE
	EndGlobalSection
	GlobalSection(ExtensibilityGlobals) = postSolution
		SolutionGuid = {74A31FFB-9C16-4AE9-83CF-2FA1814A8C93}
	EndGlobalSection
EndGlobal
