
Microsoft Visual Studio Solution File, Format Version 12.00
# Visual Studio Version 17
VisualStudioVersion = 17.9.34723.18
MinimumVisualStudioVersion = 10.0.40219.1
Project("{FAE04EC0-301F-11D3-BF4B-00C04F79EFBC}") = "SaidaDeDadosCW", "SaidaDeDadosCW\SaidaDeDadosCW.csproj", "{BF95FFDC-2E3A-471A-8A07-A59A05383325}"
EndProject
Global
	GlobalSection(SolutionConfigurationPlatforms) = preSolution
		Debug|Any CPU = Debug|Any CPU
		Release|Any CPU = Release|Any CPU
	EndGlobalSection
	GlobalSection(ProjectConfigurationPlatforms) = postSolution
		{BF95FFDC-2E3A-471A-8A07-A59A05383325}.Debug|Any CPU.ActiveCfg = Debug|Any CPU
		{BF95FFDC-2E3A-471A-8A07-A59A05383325}.Debug|Any CPU.Build.0 = Debug|Any CPU
		{BF95FFDC-2E3A-471A-8A07-A59A05383325}.Release|Any CPU.ActiveCfg = Release|Any CPU
		{BF95FFDC-2E3A-471A-8A07-A59A05383325}.Release|Any CPU.Build.0 = Release|Any CPU
	EndGlobalSection
	GlobalSection(SolutionProperties) = preSolution
		HideSolutionNode = FALSE
	EndGlobalSection
	GlobalSection(ExtensibilityGlobals) = postSolution
		SolutionGuid = {C597C3BA-B092-4031-9CB4-DF64DB898BAC}
	EndGlobalSection
EndGlobal
