
Microsoft Visual Studio Solution File, Format Version 12.00
# Visual Studio Version 17
VisualStudioVersion = 17.13.35919.96 d17.13
MinimumVisualStudioVersion = 10.0.40219.1
Project("{FAE04EC0-301F-11D3-BF4B-00C04F79EFBC}") = "Program", "Program.csproj", "{BADBA421-6216-478A-9621-5152FF98664C}"
EndProject
Global
	GlobalSection(SolutionConfigurationPlatforms) = preSolution
		Debug|Any CPU = Debug|Any CPU
		Release|Any CPU = Release|Any CPU
	EndGlobalSection
	GlobalSection(ProjectConfigurationPlatforms) = postSolution
		{BADBA421-6216-478A-9621-5152FF98664C}.Debug|Any CPU.ActiveCfg = Debug|Any CPU
		{BADBA421-6216-478A-9621-5152FF98664C}.Debug|Any CPU.Build.0 = Debug|Any CPU
		{BADBA421-6216-478A-9621-5152FF98664C}.Release|Any CPU.ActiveCfg = Release|Any CPU
		{BADBA421-6216-478A-9621-5152FF98664C}.Release|Any CPU.Build.0 = Release|Any CPU
	EndGlobalSection
	GlobalSection(SolutionProperties) = preSolution
		HideSolutionNode = FALSE
	EndGlobalSection
	GlobalSection(ExtensibilityGlobals) = postSolution
		SolutionGuid = {026A1085-E576-403B-9285-66EB0C1BE137}
	EndGlobalSection
EndGlobal
