
Microsoft Visual Studio Solution File, Format Version 12.00
# Visual Studio Version 17
VisualStudioVersion = 17.13.35919.96 d17.13
MinimumVisualStudioVersion = 10.0.40219.1
Project("{FAE04EC0-301F-11D3-BF4B-00C04F79EFBC}") = "beecrowd1001", "beecrowd1001.csproj", "{8CFDAE23-B022-48F8-B15B-34F036D34273}"
EndProject
Global
	GlobalSection(SolutionConfigurationPlatforms) = preSolution
		Debug|Any CPU = Debug|Any CPU
		Release|Any CPU = Release|Any CPU
	EndGlobalSection
	GlobalSection(ProjectConfigurationPlatforms) = postSolution
		{8CFDAE23-B022-48F8-B15B-34F036D34273}.Debug|Any CPU.ActiveCfg = Debug|Any CPU
		{8CFDAE23-B022-48F8-B15B-34F036D34273}.Debug|Any CPU.Build.0 = Debug|Any CPU
		{8CFDAE23-B022-48F8-B15B-34F036D34273}.Release|Any CPU.ActiveCfg = Release|Any CPU
		{8CFDAE23-B022-48F8-B15B-34F036D34273}.Release|Any CPU.Build.0 = Release|Any CPU
	EndGlobalSection
	GlobalSection(SolutionProperties) = preSolution
		HideSolutionNode = FALSE
	EndGlobalSection
	GlobalSection(ExtensibilityGlobals) = postSolution
		SolutionGuid = {A4082116-A75B-499F-9075-7D53F9D32FBE}
	EndGlobalSection
EndGlobal
