
Microsoft Visual Studio Solution File, Format Version 12.00
# Visual Studio Version 17
VisualStudioVersion = 17.13.35818.85 d17.13
MinimumVisualStudioVersion = 10.0.40219.1
Project("{FAE04EC0-301F-11D3-BF4B-00C04F79EFBC}") = "CrudUsuarios", "CrudUsuarios.csproj", "{D8B1B622-D91B-4C6E-A97B-BE67AB14BA1D}"
EndProject
Global
	GlobalSection(SolutionConfigurationPlatforms) = preSolution
		Debug|Any CPU = Debug|Any CPU
		Release|Any CPU = Release|Any CPU
	EndGlobalSection
	GlobalSection(ProjectConfigurationPlatforms) = postSolution
		{D8B1B622-D91B-4C6E-A97B-BE67AB14BA1D}.Debug|Any CPU.ActiveCfg = Debug|Any CPU
		{D8B1B622-D91B-4C6E-A97B-BE67AB14BA1D}.Debug|Any CPU.Build.0 = Debug|Any CPU
		{D8B1B622-D91B-4C6E-A97B-BE67AB14BA1D}.Release|Any CPU.ActiveCfg = Release|Any CPU
		{D8B1B622-D91B-4C6E-A97B-BE67AB14BA1D}.Release|Any CPU.Build.0 = Release|Any CPU
	EndGlobalSection
	GlobalSection(SolutionProperties) = preSolution
		HideSolutionNode = FALSE
	EndGlobalSection
	GlobalSection(ExtensibilityGlobals) = postSolution
		SolutionGuid = {8468C3CA-2FEE-49F2-9383-E1908D2B80D3}
	EndGlobalSection
EndGlobal
