
Microsoft Visual Studio Solution File, Format Version 12.00
# Visual Studio Version 17
VisualStudioVersion = 17.9.34622.214
MinimumVisualStudioVersion = 10.0.40219.1
Project("{FAE04EC0-301F-11D3-BF4B-00C04F79EFBC}") = "Exercicio014", "Exercicio014\Exercicio014.csproj", "{C8769BD0-42AA-493F-A752-2A4E2715DEBF}"
EndProject
Global
	GlobalSection(SolutionConfigurationPlatforms) = preSolution
		Debug|Any CPU = Debug|Any CPU
		Release|Any CPU = Release|Any CPU
	EndGlobalSection
	GlobalSection(ProjectConfigurationPlatforms) = postSolution
		{C8769BD0-42AA-493F-A752-2A4E2715DEBF}.Debug|Any CPU.ActiveCfg = Debug|Any CPU
		{C8769BD0-42AA-493F-A752-2A4E2715DEBF}.Debug|Any CPU.Build.0 = Debug|Any CPU
		{C8769BD0-42AA-493F-A752-2A4E2715DEBF}.Release|Any CPU.ActiveCfg = Release|Any CPU
		{C8769BD0-42AA-493F-A752-2A4E2715DEBF}.Release|Any CPU.Build.0 = Release|Any CPU
	EndGlobalSection
	GlobalSection(SolutionProperties) = preSolution
		HideSolutionNode = FALSE
	EndGlobalSection
	GlobalSection(ExtensibilityGlobals) = postSolution
		SolutionGuid = {437EAD37-2E43-41C6-9C43-4C76412515F7}
	EndGlobalSection
EndGlobal
