
Microsoft Visual Studio Solution File, Format Version 12.00
# Visual Studio Version 17
VisualStudioVersion = 17.9.34622.214
MinimumVisualStudioVersion = 10.0.40219.1
Project("{FAE04EC0-301F-11D3-BF4B-00C04F79EFBC}") = "ExercicioDeFixacao", "ExercicioDeFixacao\ExercicioDeFixacao.csproj", "{2CDCA4B8-3ACA-4043-9887-B8906947E41D}"
EndProject
Global
	GlobalSection(SolutionConfigurationPlatforms) = preSolution
		Debug|Any CPU = Debug|Any CPU
		Release|Any CPU = Release|Any CPU
	EndGlobalSection
	GlobalSection(ProjectConfigurationPlatforms) = postSolution
		{2CDCA4B8-3ACA-4043-9887-B8906947E41D}.Debug|Any CPU.ActiveCfg = Debug|Any CPU
		{2CDCA4B8-3ACA-4043-9887-B8906947E41D}.Debug|Any CPU.Build.0 = Debug|Any CPU
		{2CDCA4B8-3ACA-4043-9887-B8906947E41D}.Release|Any CPU.ActiveCfg = Release|Any CPU
		{2CDCA4B8-3ACA-4043-9887-B8906947E41D}.Release|Any CPU.Build.0 = Release|Any CPU
	EndGlobalSection
	GlobalSection(SolutionProperties) = preSolution
		HideSolutionNode = FALSE
	EndGlobalSection
	GlobalSection(ExtensibilityGlobals) = postSolution
		SolutionGuid = {4F753CCF-589E-4B25-86F5-40018AC6328E}
	EndGlobalSection
EndGlobal
