
Microsoft Visual Studio Solution File, Format Version 12.00
# Visual Studio Version 17
VisualStudioVersion = 17.9.34607.119
MinimumVisualStudioVersion = 10.0.40219.1
Project("{FAE04EC0-301F-11D3-BF4B-00C04F79EFBC}") = "E1038beecrowd", "E1038beecrowd\E1038beecrowd.csproj", "{3B259168-4DC8-4367-B93E-58056740225A}"
EndProject
Global
	GlobalSection(SolutionConfigurationPlatforms) = preSolution
		Debug|Any CPU = Debug|Any CPU
		Release|Any CPU = Release|Any CPU
	EndGlobalSection
	GlobalSection(ProjectConfigurationPlatforms) = postSolution
		{3B259168-4DC8-4367-B93E-58056740225A}.Debug|Any CPU.ActiveCfg = Debug|Any CPU
		{3B259168-4DC8-4367-B93E-58056740225A}.Debug|Any CPU.Build.0 = Debug|Any CPU
		{3B259168-4DC8-4367-B93E-58056740225A}.Release|Any CPU.ActiveCfg = Release|Any CPU
		{3B259168-4DC8-4367-B93E-58056740225A}.Release|Any CPU.Build.0 = Release|Any CPU
	EndGlobalSection
	GlobalSection(SolutionProperties) = preSolution
		HideSolutionNode = FALSE
	EndGlobalSection
	GlobalSection(ExtensibilityGlobals) = postSolution
		SolutionGuid = {C99FE3CD-F00C-4D83-91BD-8353C8799E51}
	EndGlobalSection
EndGlobal
