
Microsoft Visual Studio Solution File, Format Version 12.00
# Visual Studio Version 17
VisualStudioVersion = 17.9.34607.119
MinimumVisualStudioVersion = 10.0.40219.1
Project("{FAE04EC0-301F-11D3-BF4B-00C04F79EFBC}") = "E1002", "E1002\E1002.csproj", "{384809C2-5849-43FA-BAF0-E6987F0708EA}"
EndProject
Global
	GlobalSection(SolutionConfigurationPlatforms) = preSolution
		Debug|Any CPU = Debug|Any CPU
		Release|Any CPU = Release|Any CPU
	EndGlobalSection
	GlobalSection(ProjectConfigurationPlatforms) = postSolution
		{384809C2-5849-43FA-BAF0-E6987F0708EA}.Debug|Any CPU.ActiveCfg = Debug|Any CPU
		{384809C2-5849-43FA-BAF0-E6987F0708EA}.Debug|Any CPU.Build.0 = Debug|Any CPU
		{384809C2-5849-43FA-BAF0-E6987F0708EA}.Release|Any CPU.ActiveCfg = Release|Any CPU
		{384809C2-5849-43FA-BAF0-E6987F0708EA}.Release|Any CPU.Build.0 = Release|Any CPU
	EndGlobalSection
	GlobalSection(SolutionProperties) = preSolution
		HideSolutionNode = FALSE
	EndGlobalSection
	GlobalSection(ExtensibilityGlobals) = postSolution
		SolutionGuid = {A970FCD3-BB78-4084-A282-CB2D20AB6E97}
	EndGlobalSection
EndGlobal
