
Microsoft Visual Studio Solution File, Format Version 12.00
# Visual Studio Version 16
VisualStudioVersion = 16.0.31605.320
MinimumVisualStudioVersion = 10.0.40219.1
Project("{FAE04EC0-301F-11D3-BF4B-00C04F79EFBC}") = "URI1048", "URI1048\URI1048.csproj", "{B43CECAD-969C-4204-8BA9-13A610E0F789}"
EndProject
Global
	GlobalSection(SolutionConfigurationPlatforms) = preSolution
		Debug|Any CPU = Debug|Any CPU
		Release|Any CPU = Release|Any CPU
	EndGlobalSection
	GlobalSection(ProjectConfigurationPlatforms) = postSolution
		{B43CECAD-969C-4204-8BA9-13A610E0F789}.Debug|Any CPU.ActiveCfg = Debug|Any CPU
		{B43CECAD-969C-4204-8BA9-13A610E0F789}.Debug|Any CPU.Build.0 = Debug|Any CPU
		{B43CECAD-969C-4204-8BA9-13A610E0F789}.Release|Any CPU.ActiveCfg = Release|Any CPU
		{B43CECAD-969C-4204-8BA9-13A610E0F789}.Release|Any CPU.Build.0 = Release|Any CPU
	EndGlobalSection
	GlobalSection(SolutionProperties) = preSolution
		HideSolutionNode = FALSE
	EndGlobalSection
	GlobalSection(ExtensibilityGlobals) = postSolution
		SolutionGuid = {429FD371-D185-4B3E-BA3F-CEA8D7BD50B0}
	EndGlobalSection
EndGlobal
